// !$*UTF8*$!
{
	archiveVersion = 1;
	classes = {
	};
	objectVersion = 63;
	objects = {

/* Begin PBXBuildFile section */
		03E35CFDE8E5F7FC86AE5A57 /* Data.framework in Frameworks */ = {isa = PBXBuildFile; fileRef = EFC8ED3D11C8CBFD6B5784A7 /* Data.framework */; };
		052B3E1DE7E62655F0E07420 /* DateHelper.swift in Sources */ = {isa = PBXBuildFile; fileRef = A08825F82E49B2DCA621E363 /* DateHelper.swift */; };
		0A32F8846202C48102A876CD /* Core.framework in Frameworks */ = {isa = PBXBuildFile; fileRef = 3EC5D4214B46096C7D245FFF /* Core.framework */; };
		109CE71244B13BA1E23F452D /* LaunchScreen.storyboard in Resources */ = {isa = PBXBuildFile; fileRef = 3857BADB13D82851AE4EA0E6 /* LaunchScreen.storyboard */; };
		126E7A171FDB6029C1A90943 /* DashboardView.swift in Sources */ = {isa = PBXBuildFile; fileRef = 5590A090E4FEB8FE49C9F049 /* DashboardView.swift */; };
		206560AD3660F8DE5FA8B9C5 /* ProfileView.swift in Sources */ = {isa = PBXBuildFile; fileRef = 23A5812B3AD05741F620DEF5 /* ProfileView.swift */; };
		214BBF7DE4AE39AC94DAA346 /* Permission.swift in Sources */ = {isa = PBXBuildFile; fileRef = 1D953CA01F955602845439CE /* Permission.swift */; };
		22EEA9E56EF7D31446077322 /* Domain.framework in Frameworks */ = {isa = PBXBuildFile; fileRef = 2905F78354DF39757CEBAA7B /* Domain.framework */; };
		24359D7D4BBBEB7F7E7DD435 /* TransactionListView.swift in Sources */ = {isa = PBXBuildFile; fileRef = 1D8CFC429E36FD897CB0C9E1 /* TransactionListView.swift */; };
		2990F24523D165AD88B326A6 /* TransactionFilterBar.swift in Sources */ = {isa = PBXBuildFile; fileRef = 6354A25DFF15627DBD8CCA05 /* TransactionFilterBar.swift */; };
		2B0027BB831D0C75E27D8AAA /* Alamofire in Frameworks */ = {isa = PBXBuildFile; productRef = 67BBF56E1E6BCAE25CA8F68F /* Alamofire */; };
		30874FBA47A28284C7D95865 /* TransactionDateSection.swift in Sources */ = {isa = PBXBuildFile; fileRef = 11BC0FC062734E9E636643AF /* TransactionDateSection.swift */; };
		38B8D08991F6B8559D77318F /* CardBalanceView.swift in Sources */ = {isa = PBXBuildFile; fileRef = 9A1EBEBE4E9C6FD0AF672CE6 /* CardBalanceView.swift */; };
		390ED24C4E59D0E4E230E4E4 /* Algorithms in Frameworks */ = {isa = PBXBuildFile; productRef = 666B38822B03B22991473017 /* Algorithms */; };
		39C30BE3F2C5EB4797CE4A4E /* TransactionRepository.swift in Sources */ = {isa = PBXBuildFile; fileRef = 9A94326FDF83EB99DA644924 /* TransactionRepository.swift */; };
		3E720B51A27881944565D844 /* TransactionCardView.swift in Sources */ = {isa = PBXBuildFile; fileRef = A452BA01F8399FEFB6C26BA6 /* TransactionCardView.swift */; };
		3F57337828F84F228D281EF6 /* TransactionCasha.swift in Sources */ = {isa = PBXBuildFile; fileRef = 64E08EC12DBEDADF9340BCD6 /* TransactionCasha.swift */; };
		40E66E412EB5CF191BA0EFE7 /* Core.framework in Embed Frameworks */ = {isa = PBXBuildFile; fileRef = 3EC5D4214B46096C7D245FFF /* Core.framework */; settings = {ATTRIBUTES = (CodeSignOnCopy, RemoveHeadersOnCopy, ); }; };
		41CAC89529614A2612667CE9 /* CoreTests-Info.plist in Resources */ = {isa = PBXBuildFile; fileRef = E34A6957411D4901FA0F988A /* CoreTests-Info.plist */; };
		4DF19D3BC6841EFF365E8EDE /* MainTabView.swift in Sources */ = {isa = PBXBuildFile; fileRef = 5056D19EC0C7F7B76FAB19DB /* MainTabView.swift */; };
		630C080456D1358A565C7ED3 /* SplashScreen.swift in Sources */ = {isa = PBXBuildFile; fileRef = 650F06C995A36AF03739D2DE /* SplashScreen.swift */; };
		871C554081B7A9A6D5714E27 /* AddTransactionViewModel.swift in Sources */ = {isa = PBXBuildFile; fileRef = 7B679CCC1F3CF1684D15ED4C /* AddTransactionViewModel.swift */; };
		8E55D6E1525B9730F4ABA305 /* Domain.framework in Frameworks */ = {isa = PBXBuildFile; fileRef = 2905F78354DF39757CEBAA7B /* Domain.framework */; };
		9769B426D5C52E54A69883BF /* NetworkError.swift in Sources */ = {isa = PBXBuildFile; fileRef = 1C7FA40FE5842F7D3A082E41 /* NetworkError.swift */; };
		9BB63A6FB5BFEFD4EF1EAED8 /* Endpoints.swift in Sources */ = {isa = PBXBuildFile; fileRef = 5AF26166CAFDA82809A86E41 /* Endpoints.swift */; };
		AE32015DED19B10D8C67D138 /* TransactionViewModel.swift in Sources */ = {isa = PBXBuildFile; fileRef = FF85FA720AB9CE191C9C0896 /* TransactionViewModel.swift */; };
		BA8FAB9FF5231E19CE08AF36 /* Data.framework in Embed Frameworks */ = {isa = PBXBuildFile; fileRef = EFC8ED3D11C8CBFD6B5784A7 /* Data.framework */; settings = {ATTRIBUTES = (CodeSignOnCopy, RemoveHeadersOnCopy, ); }; };
		C154080530B51A0D73D98748 /* Colors.swift in Sources */ = {isa = PBXBuildFile; fileRef = F22F2A9E4C6744DF43F85AAA /* Colors.swift */; };
		C763997D2D9629DAD864088B /* Domain.framework in Embed Frameworks */ = {isa = PBXBuildFile; fileRef = 2905F78354DF39757CEBAA7B /* Domain.framework */; settings = {ATTRIBUTES = (CodeSignOnCopy, RemoveHeadersOnCopy, ); }; };
		E80D1483C0A9755F63198C3A /* CurrencyFormatter.swift in Sources */ = {isa = PBXBuildFile; fileRef = 0F801EEC6B0C7A90030720B3 /* CurrencyFormatter.swift */; };
		EA5287DFA8B1AF8E87E45474 /* AddTransactionView.swift in Sources */ = {isa = PBXBuildFile; fileRef = 3DA65818304F736B10C43237 /* AddTransactionView.swift */; };
		EA9F658DB0E3807AF357E959 /* Validator.swift in Sources */ = {isa = PBXBuildFile; fileRef = A4B6CA09016D8E042A96C046 /* Validator.swift */; };
		EBF66CF69B88CD6B2022368D /* CashApp.swift in Sources */ = {isa = PBXBuildFile; fileRef = EEC0996241464FF8BD6ED1FE /* CashApp.swift */; };
		EEAB3BFB300D31B6BF49455E /* APIClient.swift in Sources */ = {isa = PBXBuildFile; fileRef = 7E8028FEAC89836B6AA99B85 /* APIClient.swift */; };
		F833AE73037AE5E865CF9113 /* ImagePicker.swift in Sources */ = {isa = PBXBuildFile; fileRef = 85EF5696C65F59F44DB07C08 /* ImagePicker.swift */; };
		F939BC5F39DEA03D159B631C /* Assets.xcassets in Resources */ = {isa = PBXBuildFile; fileRef = E4AE8EA15BAC1D8BBDF4F731 /* Assets.xcassets */; };
		FEF460A630A468EA5BD0804B /* CalculatorView.swift in Sources */ = {isa = PBXBuildFile; fileRef = 17FF4D41D30C84F0B6579060 /* CalculatorView.swift */; };
/* End PBXBuildFile section */

/* Begin PBXContainerItemProxy section */
		283B453366179FFFFE82A8C8 /* PBXContainerItemProxy */ = {
			isa = PBXContainerItemProxy;
			containerPortal = CB1DC318DA2A6F4EA9188A32 /* Project object */;
			proxyType = 1;
			remoteGlobalIDString = 60E62DF84A69A86610FCD643;
			remoteInfo = Data;
		};
		78512C49CB9C7D9F54B0744F /* PBXContainerItemProxy */ = {
			isa = PBXContainerItemProxy;
			containerPortal = CB1DC318DA2A6F4EA9188A32 /* Project object */;
			proxyType = 1;
			remoteGlobalIDString = CB73708DDEDB116EC2717AFA;
			remoteInfo = Domain;
		};
		CB28C9045FE7B84EFC2C2E52 /* PBXContainerItemProxy */ = {
			isa = PBXContainerItemProxy;
			containerPortal = CB1DC318DA2A6F4EA9188A32 /* Project object */;
			proxyType = 1;
			remoteGlobalIDString = CB73708DDEDB116EC2717AFA;
			remoteInfo = Domain;
		};
		F21F3BE7C00E530E9E9DF94C /* PBXContainerItemProxy */ = {
			isa = PBXContainerItemProxy;
			containerPortal = CB1DC318DA2A6F4EA9188A32 /* Project object */;
			proxyType = 1;
			remoteGlobalIDString = A040F3A9517985C1D9D36CAA;
			remoteInfo = Core;
		};
/* End PBXContainerItemProxy section */

/* Begin PBXCopyFilesBuildPhase section */
		FAFB6210995A9FD21862EF40 /* Embed Frameworks */ = {
			isa = PBXCopyFilesBuildPhase;
			buildActionMask = 2147483647;
			dstPath = "";
			dstSubfolderSpec = 10;
			files = (
				40E66E412EB5CF191BA0EFE7 /* Core.framework in Embed Frameworks */,
				C763997D2D9629DAD864088B /* Domain.framework in Embed Frameworks */,
				BA8FAB9FF5231E19CE08AF36 /* Data.framework in Embed Frameworks */,
			);
			name = "Embed Frameworks";
			runOnlyForDeploymentPostprocessing = 0;
		};
/* End PBXCopyFilesBuildPhase section */

/* Begin PBXFileReference section */
		0F801EEC6B0C7A90030720B3 /* CurrencyFormatter.swift */ = {isa = PBXFileReference; lastKnownFileType = sourcecode.swift; path = CurrencyFormatter.swift; sourceTree = "<group>"; };
		11BC0FC062734E9E636643AF /* TransactionDateSection.swift */ = {isa = PBXFileReference; lastKnownFileType = sourcecode.swift; path = TransactionDateSection.swift; sourceTree = "<group>"; };
		17FF4D41D30C84F0B6579060 /* CalculatorView.swift */ = {isa = PBXFileReference; lastKnownFileType = sourcecode.swift; path = CalculatorView.swift; sourceTree = "<group>"; };
		1AB692BA94258FB20B79FB74 /* Info.plist */ = {isa = PBXFileReference; lastKnownFileType = text.plist; path = Info.plist; sourceTree = "<group>"; };
		1C7FA40FE5842F7D3A082E41 /* NetworkError.swift */ = {isa = PBXFileReference; lastKnownFileType = sourcecode.swift; path = NetworkError.swift; sourceTree = "<group>"; };
		1D8CFC429E36FD897CB0C9E1 /* TransactionListView.swift */ = {isa = PBXFileReference; lastKnownFileType = sourcecode.swift; path = TransactionListView.swift; sourceTree = "<group>"; };
		1D953CA01F955602845439CE /* Permission.swift */ = {isa = PBXFileReference; lastKnownFileType = sourcecode.swift; path = Permission.swift; sourceTree = "<group>"; };
		23A5812B3AD05741F620DEF5 /* ProfileView.swift */ = {isa = PBXFileReference; lastKnownFileType = sourcecode.swift; path = ProfileView.swift; sourceTree = "<group>"; };
		2905F78354DF39757CEBAA7B /* Domain.framework */ = {isa = PBXFileReference; explicitFileType = wrapper.framework; includeInIndex = 0; path = Domain.framework; sourceTree = BUILT_PRODUCTS_DIR; };
		3857BADB13D82851AE4EA0E6 /* LaunchScreen.storyboard */ = {isa = PBXFileReference; lastKnownFileType = file.storyboard; path = LaunchScreen.storyboard; sourceTree = "<group>"; };
		3DA65818304F736B10C43237 /* AddTransactionView.swift */ = {isa = PBXFileReference; lastKnownFileType = sourcecode.swift; path = AddTransactionView.swift; sourceTree = "<group>"; };
		3EC5D4214B46096C7D245FFF /* Core.framework */ = {isa = PBXFileReference; explicitFileType = wrapper.framework; includeInIndex = 0; path = Core.framework; sourceTree = BUILT_PRODUCTS_DIR; };
		5056D19EC0C7F7B76FAB19DB /* MainTabView.swift */ = {isa = PBXFileReference; lastKnownFileType = sourcecode.swift; path = MainTabView.swift; sourceTree = "<group>"; };
		5590A090E4FEB8FE49C9F049 /* DashboardView.swift */ = {isa = PBXFileReference; lastKnownFileType = sourcecode.swift; path = DashboardView.swift; sourceTree = "<group>"; };
		5AF26166CAFDA82809A86E41 /* Endpoints.swift */ = {isa = PBXFileReference; lastKnownFileType = sourcecode.swift; path = Endpoints.swift; sourceTree = "<group>"; };
		6354A25DFF15627DBD8CCA05 /* TransactionFilterBar.swift */ = {isa = PBXFileReference; lastKnownFileType = sourcecode.swift; path = TransactionFilterBar.swift; sourceTree = "<group>"; };
		64E08EC12DBEDADF9340BCD6 /* TransactionCasha.swift */ = {isa = PBXFileReference; lastKnownFileType = sourcecode.swift; path = TransactionCasha.swift; sourceTree = "<group>"; };
		650F06C995A36AF03739D2DE /* SplashScreen.swift */ = {isa = PBXFileReference; lastKnownFileType = sourcecode.swift; path = SplashScreen.swift; sourceTree = "<group>"; };
		7348ACC71A5459E683A00D00 /* Info.plist */ = {isa = PBXFileReference; lastKnownFileType = text.plist; path = Info.plist; sourceTree = "<group>"; };
		7B679CCC1F3CF1684D15ED4C /* AddTransactionViewModel.swift */ = {isa = PBXFileReference; lastKnownFileType = sourcecode.swift; path = AddTransactionViewModel.swift; sourceTree = "<group>"; };
		7E8028FEAC89836B6AA99B85 /* APIClient.swift */ = {isa = PBXFileReference; lastKnownFileType = sourcecode.swift; path = APIClient.swift; sourceTree = "<group>"; };
		85EF5696C65F59F44DB07C08 /* ImagePicker.swift */ = {isa = PBXFileReference; lastKnownFileType = sourcecode.swift; path = ImagePicker.swift; sourceTree = "<group>"; };
		9A1EBEBE4E9C6FD0AF672CE6 /* CardBalanceView.swift */ = {isa = PBXFileReference; lastKnownFileType = sourcecode.swift; path = CardBalanceView.swift; sourceTree = "<group>"; };
		9A94326FDF83EB99DA644924 /* TransactionRepository.swift */ = {isa = PBXFileReference; lastKnownFileType = sourcecode.swift; path = TransactionRepository.swift; sourceTree = "<group>"; };
		A08825F82E49B2DCA621E363 /* DateHelper.swift */ = {isa = PBXFileReference; lastKnownFileType = sourcecode.swift; path = DateHelper.swift; sourceTree = "<group>"; };
		A452BA01F8399FEFB6C26BA6 /* TransactionCardView.swift */ = {isa = PBXFileReference; lastKnownFileType = sourcecode.swift; path = TransactionCardView.swift; sourceTree = "<group>"; };
		A4B6CA09016D8E042A96C046 /* Validator.swift */ = {isa = PBXFileReference; lastKnownFileType = sourcecode.swift; path = Validator.swift; sourceTree = "<group>"; };
		B91E69FAA48341700FD4AF6B /* Info.plist */ = {isa = PBXFileReference; lastKnownFileType = text.plist; path = Info.plist; sourceTree = "<group>"; };
		BFDB0F3E4C8E3D6F56CADC03 /* CashaApp.app */ = {isa = PBXFileReference; explicitFileType = wrapper.application; includeInIndex = 0; path = CashaApp.app; sourceTree = BUILT_PRODUCTS_DIR; };
		C91C5E0DAB964010436375A5 /* Info.plist */ = {isa = PBXFileReference; lastKnownFileType = text.plist; path = Info.plist; sourceTree = "<group>"; };
		E34A6957411D4901FA0F988A /* CoreTests-Info.plist */ = {isa = PBXFileReference; lastKnownFileType = text.plist; path = "CoreTests-Info.plist"; sourceTree = "<group>"; };
		E4AE8EA15BAC1D8BBDF4F731 /* Assets.xcassets */ = {isa = PBXFileReference; lastKnownFileType = folder.assetcatalog; path = Assets.xcassets; sourceTree = "<group>"; };
		EEC0996241464FF8BD6ED1FE /* CashApp.swift */ = {isa = PBXFileReference; lastKnownFileType = sourcecode.swift; path = CashApp.swift; sourceTree = "<group>"; };
		EFC8ED3D11C8CBFD6B5784A7 /* Data.framework */ = {isa = PBXFileReference; explicitFileType = wrapper.framework; includeInIndex = 0; path = Data.framework; sourceTree = BUILT_PRODUCTS_DIR; };
		F22F2A9E4C6744DF43F85AAA /* Colors.swift */ = {isa = PBXFileReference; lastKnownFileType = sourcecode.swift; path = Colors.swift; sourceTree = "<group>"; };
		FF85FA720AB9CE191C9C0896 /* TransactionViewModel.swift */ = {isa = PBXFileReference; lastKnownFileType = sourcecode.swift; path = TransactionViewModel.swift; sourceTree = "<group>"; };
/* End PBXFileReference section */

/* Begin PBXFrameworksBuildPhase section */
		351333FFFFCD78272E900071 /* Frameworks */ = {
			isa = PBXFrameworksBuildPhase;
			buildActionMask = 2147483647;
			files = (
				22EEA9E56EF7D31446077322 /* Domain.framework in Frameworks */,
			);
			runOnlyForDeploymentPostprocessing = 0;
		};
		BD777486EE5178C871864DD3 /* Frameworks */ = {
			isa = PBXFrameworksBuildPhase;
			buildActionMask = 2147483647;
			files = (
				0A32F8846202C48102A876CD /* Core.framework in Frameworks */,
				8E55D6E1525B9730F4ABA305 /* Domain.framework in Frameworks */,
				03E35CFDE8E5F7FC86AE5A57 /* Data.framework in Frameworks */,
				390ED24C4E59D0E4E230E4E4 /* Algorithms in Frameworks */,
			);
			runOnlyForDeploymentPostprocessing = 0;
		};
		F9AB25E1F5553C006A9B0584 /* Frameworks */ = {
			isa = PBXFrameworksBuildPhase;
			buildActionMask = 2147483647;
			files = (
				2B0027BB831D0C75E27D8AAA /* Alamofire in Frameworks */,
			);
			runOnlyForDeploymentPostprocessing = 0;
		};
/* End PBXFrameworksBuildPhase section */

/* Begin PBXGroup section */
		102C7FE977EFF3B0462C8723 /* Core */ = {
			isa = PBXGroup;
			children = (
				E34A6957411D4901FA0F988A /* CoreTests-Info.plist */,
				7348ACC71A5459E683A00D00 /* Info.plist */,
				9F51EF39E2BCDFC12079C5FB /* sources */,
				A176DA6A38FFC002C12BE190 /* Utilities */,
			);
			path = Core;
			sourceTree = "<group>";
		};
		208206DABCC6A8FA88ABB5A3 /* Dashboard */ = {
			isa = PBXGroup;
			children = (
				9A1EBEBE4E9C6FD0AF672CE6 /* CardBalanceView.swift */,
				5590A090E4FEB8FE49C9F049 /* DashboardView.swift */,
			);
			path = Dashboard;
			sourceTree = "<group>";
		};
		2A164B4EF0B497499D5838C4 /* AddTransaction */ = {
			isa = PBXGroup;
			children = (
				3DA65818304F736B10C43237 /* AddTransactionView.swift */,
				7B679CCC1F3CF1684D15ED4C /* AddTransactionViewModel.swift */,
			);
			path = AddTransaction;
			sourceTree = "<group>";
		};
		393CB48AE280BD9BE9A6213C /* Networking */ = {
			isa = PBXGroup;
			children = (
				7E8028FEAC89836B6AA99B85 /* APIClient.swift */,
				5AF26166CAFDA82809A86E41 /* Endpoints.swift */,
			);
			path = Networking;
			sourceTree = "<group>";
		};
		61BCE8922609673F4AC8D8FD /* Domain */ = {
			isa = PBXGroup;
			children = (
				C91C5E0DAB964010436375A5 /* Info.plist */,
				C29134EDE0F0EE15F61DAA1E /* Model */,
			);
			path = Domain;
			sourceTree = "<group>";
		};
		62668F82D358B6A7A61BB077 /* Feature */ = {
			isa = PBXGroup;
			children = (
				2A164B4EF0B497499D5838C4 /* AddTransaction */,
				208206DABCC6A8FA88ABB5A3 /* Dashboard */,
				BA6772032294E4FCF4E15860 /* HistoryTransaction */,
				C70888EB599F599203067D0A /* Profile */,
			);
			path = Feature;
			sourceTree = "<group>";
		};
		7212616A616E951CAC6F705E /* App */ = {
			isa = PBXGroup;
			children = (
				E4AE8EA15BAC1D8BBDF4F731 /* Assets.xcassets */,
				EEC0996241464FF8BD6ED1FE /* CashApp.swift */,
				1AB692BA94258FB20B79FB74 /* Info.plist */,
				3857BADB13D82851AE4EA0E6 /* LaunchScreen.storyboard */,
				5056D19EC0C7F7B76FAB19DB /* MainTabView.swift */,
				650F06C995A36AF03739D2DE /* SplashScreen.swift */,
				62668F82D358B6A7A61BB077 /* Feature */,
				8B531C290BD8977EBEF920A9 /* UI */,
			);
			path = App;
			sourceTree = "<group>";
		};
		8B531C290BD8977EBEF920A9 /* UI */ = {
			isa = PBXGroup;
			children = (
				B400C39F1B591A82F19E3B5C /* Component */,
				B0AACE79C097333438AF20F1 /* Theme */,
			);
			path = UI;
			sourceTree = "<group>";
		};
		9F51EF39E2BCDFC12079C5FB /* sources */ = {
			isa = PBXGroup;
			children = (
				393CB48AE280BD9BE9A6213C /* Networking */,
			);
			path = sources;
			sourceTree = "<group>";
		};
		A176DA6A38FFC002C12BE190 /* Utilities */ = {
			isa = PBXGroup;
			children = (
				0F801EEC6B0C7A90030720B3 /* CurrencyFormatter.swift */,
				A08825F82E49B2DCA621E363 /* DateHelper.swift */,
				1C7FA40FE5842F7D3A082E41 /* NetworkError.swift */,
				1D953CA01F955602845439CE /* Permission.swift */,
				A4B6CA09016D8E042A96C046 /* Validator.swift */,
			);
			path = Utilities;
			sourceTree = "<group>";
		};
		B0AACE79C097333438AF20F1 /* Theme */ = {
			isa = PBXGroup;
			children = (
				F22F2A9E4C6744DF43F85AAA /* Colors.swift */,
			);
			path = Theme;
			sourceTree = "<group>";
		};
		B400C39F1B591A82F19E3B5C /* Component */ = {
			isa = PBXGroup;
			children = (
				17FF4D41D30C84F0B6579060 /* CalculatorView.swift */,
				85EF5696C65F59F44DB07C08 /* ImagePicker.swift */,
			);
			path = Component;
			sourceTree = "<group>";
		};
		BA6772032294E4FCF4E15860 /* HistoryTransaction */ = {
			isa = PBXGroup;
			children = (
				A452BA01F8399FEFB6C26BA6 /* TransactionCardView.swift */,
				6354A25DFF15627DBD8CCA05 /* TransactionFilterBar.swift */,
				1D8CFC429E36FD897CB0C9E1 /* TransactionListView.swift */,
				FF85FA720AB9CE191C9C0896 /* TransactionViewModel.swift */,
			);
			path = HistoryTransaction;
			sourceTree = "<group>";
		};
		C29134EDE0F0EE15F61DAA1E /* Model */ = {
			isa = PBXGroup;
			children = (
				64E08EC12DBEDADF9340BCD6 /* TransactionCasha.swift */,
				11BC0FC062734E9E636643AF /* TransactionDateSection.swift */,
			);
			path = Model;
			sourceTree = "<group>";
		};
		C70888EB599F599203067D0A /* Profile */ = {
			isa = PBXGroup;
			children = (
				23A5812B3AD05741F620DEF5 /* ProfileView.swift */,
			);
			path = Profile;
			sourceTree = "<group>";
		};
		CB71BD028C84BD4F65AF5C60 /* Data */ = {
			isa = PBXGroup;
			children = (
				B91E69FAA48341700FD4AF6B /* Info.plist */,
				9A94326FDF83EB99DA644924 /* TransactionRepository.swift */,
			);
			path = Data;
			sourceTree = "<group>";
		};
		D2BE83737FB0E0BA5F76E10D /* Products */ = {
			isa = PBXGroup;
			children = (
				BFDB0F3E4C8E3D6F56CADC03 /* CashaApp.app */,
				3EC5D4214B46096C7D245FFF /* Core.framework */,
				EFC8ED3D11C8CBFD6B5784A7 /* Data.framework */,
				2905F78354DF39757CEBAA7B /* Domain.framework */,
			);
			name = Products;
			sourceTree = "<group>";
		};
		FB648FCAE2D08BDEE187E508 = {
			isa = PBXGroup;
			children = (
				7212616A616E951CAC6F705E /* App */,
				102C7FE977EFF3B0462C8723 /* Core */,
				CB71BD028C84BD4F65AF5C60 /* Data */,
				61BCE8922609673F4AC8D8FD /* Domain */,
				D2BE83737FB0E0BA5F76E10D /* Products */,
			);
			sourceTree = "<group>";
		};
/* End PBXGroup section */

/* Begin PBXNativeTarget section */
		60E62DF84A69A86610FCD643 /* Data */ = {
			isa = PBXNativeTarget;
			buildConfigurationList = 9C92C729FE1351C5EB83EB85 /* Build configuration list for PBXNativeTarget "Data" */;
			buildPhases = (
				C8D68D2094F0106694183F0F /* Sources */,
				351333FFFFCD78272E900071 /* Frameworks */,
			);
			buildRules = (
			);
			dependencies = (
				0D7D10EA09BDA1AD44E0AEB8 /* PBXTargetDependency */,
			);
			name = Data;
			packageProductDependencies = (
			);
			productName = Data;
			productReference = EFC8ED3D11C8CBFD6B5784A7 /* Data.framework */;
			productType = "com.apple.product-type.framework";
		};
		A040F3A9517985C1D9D36CAA /* Core */ = {
			isa = PBXNativeTarget;
			buildConfigurationList = C2AE0DE772707CDB0A53DA12 /* Build configuration list for PBXNativeTarget "Core" */;
			buildPhases = (
				5A4B8E8403520E285783A269 /* Sources */,
				4D28D342FE0D1C3FFD14E741 /* Resources */,
				F9AB25E1F5553C006A9B0584 /* Frameworks */,
			);
			buildRules = (
			);
			dependencies = (
			);
			name = Core;
			packageProductDependencies = (
				67BBF56E1E6BCAE25CA8F68F /* Alamofire */,
			);
			productName = Core;
			productReference = 3EC5D4214B46096C7D245FFF /* Core.framework */;
			productType = "com.apple.product-type.framework";
		};
		C5434857577DAFFB56F11760 /* CashaApp */ = {
			isa = PBXNativeTarget;
			buildConfigurationList = 0CE672E764D6480721914D79 /* Build configuration list for PBXNativeTarget "CashaApp" */;
			buildPhases = (
				6B027864032E1A3AEDD853B4 /* Sources */,
				E0F3FF51776B8A0691370A94 /* Resources */,
				BD777486EE5178C871864DD3 /* Frameworks */,
				FAFB6210995A9FD21862EF40 /* Embed Frameworks */,
			);
			buildRules = (
			);
			dependencies = (
				5AA946FEEC02E1A2F4F34AA8 /* PBXTargetDependency */,
				F95CB015C2B58D68A5339D3B /* PBXTargetDependency */,
				0545943D10013B51C721722B /* PBXTargetDependency */,
			);
			name = CashaApp;
			packageProductDependencies = (
				666B38822B03B22991473017 /* Algorithms */,
			);
			productName = CashaApp;
			productReference = BFDB0F3E4C8E3D6F56CADC03 /* CashaApp.app */;
			productType = "com.apple.product-type.application";
		};
		CB73708DDEDB116EC2717AFA /* Domain */ = {
			isa = PBXNativeTarget;
			buildConfigurationList = 740977B765B64516344D859C /* Build configuration list for PBXNativeTarget "Domain" */;
			buildPhases = (
				711C404485087C913857A18A /* Sources */,
			);
			buildRules = (
			);
			dependencies = (
			);
			name = Domain;
			packageProductDependencies = (
			);
			productName = Domain;
			productReference = 2905F78354DF39757CEBAA7B /* Domain.framework */;
			productType = "com.apple.product-type.framework";
		};
/* End PBXNativeTarget section */

/* Begin PBXProject section */
		CB1DC318DA2A6F4EA9188A32 /* Project object */ = {
			isa = PBXProject;
			attributes = {
				BuildIndependentTargetsInParallel = YES;
				LastUpgradeCheck = 1430;
			};
			buildConfigurationList = E7D9C3E4677D1F87EAB8CC59 /* Build configuration list for PBXProject "Casha" */;
			compatibilityVersion = "Xcode 14.0";
			developmentRegion = en;
			hasScannedForEncodings = 0;
			knownRegions = (
				Base,
				en,
			);
			mainGroup = FB648FCAE2D08BDEE187E508;
			minimizedProjectReferenceProxies = 1;
			packageReferences = (
				E31037C44FAB4E490480993D /* XCRemoteSwiftPackageReference "Alamofire" */,
				1611391E78DAA2C40F571413 /* XCRemoteSwiftPackageReference "swift-algorithms" */,
			);
			projectDirPath = "";
			projectRoot = "";
			targets = (
				C5434857577DAFFB56F11760 /* CashaApp */,
				A040F3A9517985C1D9D36CAA /* Core */,
				60E62DF84A69A86610FCD643 /* Data */,
				CB73708DDEDB116EC2717AFA /* Domain */,
			);
		};
/* End PBXProject section */

/* Begin PBXResourcesBuildPhase section */
		4D28D342FE0D1C3FFD14E741 /* Resources */ = {
			isa = PBXResourcesBuildPhase;
			buildActionMask = 2147483647;
			files = (
				41CAC89529614A2612667CE9 /* CoreTests-Info.plist in Resources */,
			);
			runOnlyForDeploymentPostprocessing = 0;
		};
		E0F3FF51776B8A0691370A94 /* Resources */ = {
			isa = PBXResourcesBuildPhase;
			buildActionMask = 2147483647;
			files = (
				F939BC5F39DEA03D159B631C /* Assets.xcassets in Resources */,
				109CE71244B13BA1E23F452D /* LaunchScreen.storyboard in Resources */,
			);
			runOnlyForDeploymentPostprocessing = 0;
		};
/* End PBXResourcesBuildPhase section */

/* Begin PBXSourcesBuildPhase section */
		5A4B8E8403520E285783A269 /* Sources */ = {
			isa = PBXSourcesBuildPhase;
			buildActionMask = 2147483647;
			files = (
				EEAB3BFB300D31B6BF49455E /* APIClient.swift in Sources */,
				E80D1483C0A9755F63198C3A /* CurrencyFormatter.swift in Sources */,
				052B3E1DE7E62655F0E07420 /* DateHelper.swift in Sources */,
				9BB63A6FB5BFEFD4EF1EAED8 /* Endpoints.swift in Sources */,
				9769B426D5C52E54A69883BF /* NetworkError.swift in Sources */,
				214BBF7DE4AE39AC94DAA346 /* Permission.swift in Sources */,
				EA9F658DB0E3807AF357E959 /* Validator.swift in Sources */,
			);
			runOnlyForDeploymentPostprocessing = 0;
		};
		6B027864032E1A3AEDD853B4 /* Sources */ = {
			isa = PBXSourcesBuildPhase;
			buildActionMask = 2147483647;
			files = (
				EA5287DFA8B1AF8E87E45474 /* AddTransactionView.swift in Sources */,
				871C554081B7A9A6D5714E27 /* AddTransactionViewModel.swift in Sources */,
				FEF460A630A468EA5BD0804B /* CalculatorView.swift in Sources */,
				38B8D08991F6B8559D77318F /* CardBalanceView.swift in Sources */,
				EBF66CF69B88CD6B2022368D /* CashApp.swift in Sources */,
				C154080530B51A0D73D98748 /* Colors.swift in Sources */,
				126E7A171FDB6029C1A90943 /* DashboardView.swift in Sources */,
				F833AE73037AE5E865CF9113 /* ImagePicker.swift in Sources */,
				4DF19D3BC6841EFF365E8EDE /* MainTabView.swift in Sources */,
				206560AD3660F8DE5FA8B9C5 /* ProfileView.swift in Sources */,
				630C080456D1358A565C7ED3 /* SplashScreen.swift in Sources */,
				3E720B51A27881944565D844 /* TransactionCardView.swift in Sources */,
				2990F24523D165AD88B326A6 /* TransactionFilterBar.swift in Sources */,
				24359D7D4BBBEB7F7E7DD435 /* TransactionListView.swift in Sources */,
				AE32015DED19B10D8C67D138 /* TransactionViewModel.swift in Sources */,
			);
			runOnlyForDeploymentPostprocessing = 0;
		};
		711C404485087C913857A18A /* Sources */ = {
			isa = PBXSourcesBuildPhase;
			buildActionMask = 2147483647;
			files = (
				3F57337828F84F228D281EF6 /* TransactionCasha.swift in Sources */,
				30874FBA47A28284C7D95865 /* TransactionDateSection.swift in Sources */,
			);
			runOnlyForDeploymentPostprocessing = 0;
		};
		C8D68D2094F0106694183F0F /* Sources */ = {
			isa = PBXSourcesBuildPhase;
			buildActionMask = 2147483647;
			files = (
				39C30BE3F2C5EB4797CE4A4E /* TransactionRepository.swift in Sources */,
			);
			runOnlyForDeploymentPostprocessing = 0;
		};
/* End PBXSourcesBuildPhase section */

/* Begin PBXTargetDependency section */
		0545943D10013B51C721722B /* PBXTargetDependency */ = {
			isa = PBXTargetDependency;
			target = 60E62DF84A69A86610FCD643 /* Data */;
			targetProxy = 283B453366179FFFFE82A8C8 /* PBXContainerItemProxy */;
		};
		0D7D10EA09BDA1AD44E0AEB8 /* PBXTargetDependency */ = {
			isa = PBXTargetDependency;
			target = CB73708DDEDB116EC2717AFA /* Domain */;
			targetProxy = CB28C9045FE7B84EFC2C2E52 /* PBXContainerItemProxy */;
		};
		5AA946FEEC02E1A2F4F34AA8 /* PBXTargetDependency */ = {
			isa = PBXTargetDependency;
			target = A040F3A9517985C1D9D36CAA /* Core */;
			targetProxy = F21F3BE7C00E530E9E9DF94C /* PBXContainerItemProxy */;
		};
		F95CB015C2B58D68A5339D3B /* PBXTargetDependency */ = {
			isa = PBXTargetDependency;
			target = CB73708DDEDB116EC2717AFA /* Domain */;
			targetProxy = 78512C49CB9C7D9F54B0744F /* PBXContainerItemProxy */;
		};
/* End PBXTargetDependency section */

/* Begin XCBuildConfiguration section */
		0B006E921989DFE23580FA3D /* Release */ = {
			isa = XCBuildConfiguration;
			buildSettings = {
				ALWAYS_SEARCH_USER_PATHS = NO;
				CLANG_ANALYZER_NONNULL = YES;
				CLANG_ANALYZER_NUMBER_OBJECT_CONVERSION = YES_AGGRESSIVE;
				CLANG_CXX_LANGUAGE_STANDARD = "gnu++14";
				CLANG_CXX_LIBRARY = "libc++";
				CLANG_ENABLE_MODULES = YES;
				CLANG_ENABLE_OBJC_ARC = YES;
				CLANG_ENABLE_OBJC_WEAK = YES;
				CLANG_WARN_BLOCK_CAPTURE_AUTORELEASING = YES;
				CLANG_WARN_BOOL_CONVERSION = YES;
				CLANG_WARN_COMMA = YES;
				CLANG_WARN_CONSTANT_CONVERSION = YES;
				CLANG_WARN_DEPRECATED_OBJC_IMPLEMENTATIONS = YES;
				CLANG_WARN_DIRECT_OBJC_ISA_USAGE = YES_ERROR;
				CLANG_WARN_DOCUMENTATION_COMMENTS = YES;
				CLANG_WARN_EMPTY_BODY = YES;
				CLANG_WARN_ENUM_CONVERSION = YES;
				CLANG_WARN_INFINITE_RECURSION = YES;
				CLANG_WARN_INT_CONVERSION = YES;
				CLANG_WARN_NON_LITERAL_NULL_CONVERSION = YES;
				CLANG_WARN_OBJC_IMPLICIT_RETAIN_SELF = YES;
				CLANG_WARN_OBJC_LITERAL_CONVERSION = YES;
				CLANG_WARN_OBJC_ROOT_CLASS = YES_ERROR;
				CLANG_WARN_QUOTED_INCLUDE_IN_FRAMEWORK_HEADER = YES;
				CLANG_WARN_RANGE_LOOP_ANALYSIS = YES;
				CLANG_WARN_STRICT_PROTOTYPES = YES;
				CLANG_WARN_SUSPICIOUS_MOVE = YES;
				CLANG_WARN_UNGUARDED_AVAILABILITY = YES_AGGRESSIVE;
				CLANG_WARN_UNREACHABLE_CODE = YES;
				CLANG_WARN__DUPLICATE_METHOD_MATCH = YES;
				COPY_PHASE_STRIP = NO;
				DEBUG_INFORMATION_FORMAT = "dwarf-with-dsym";
				ENABLE_NS_ASSERTIONS = NO;
				ENABLE_STRICT_OBJC_MSGSEND = YES;
				GCC_C_LANGUAGE_STANDARD = gnu11;
				GCC_NO_COMMON_BLOCKS = YES;
				GCC_WARN_64_TO_32_BIT_CONVERSION = YES;
				GCC_WARN_ABOUT_RETURN_TYPE = YES_ERROR;
				GCC_WARN_UNDECLARED_SELECTOR = YES;
				GCC_WARN_UNINITIALIZED_AUTOS = YES_AGGRESSIVE;
				GCC_WARN_UNUSED_FUNCTION = YES;
				GCC_WARN_UNUSED_VARIABLE = YES;
				IPHONEOS_DEPLOYMENT_TARGET = 15.0;
				MTL_ENABLE_DEBUG_INFO = NO;
				MTL_FAST_MATH = YES;
				PRODUCT_NAME = "$(TARGET_NAME)";
				SDKROOT = iphoneos;
				SWIFT_COMPILATION_MODE = wholemodule;
				SWIFT_OPTIMIZATION_LEVEL = "-O";
				SWIFT_VERSION = 5.0;
			};
			name = Release;
		};
		133CF8CA040CDC13F16A790F /* Debug */ = {
			isa = XCBuildConfiguration;
			buildSettings = {
				ALWAYS_SEARCH_USER_PATHS = NO;
				CLANG_ANALYZER_NONNULL = YES;
				CLANG_ANALYZER_NUMBER_OBJECT_CONVERSION = YES_AGGRESSIVE;
				CLANG_CXX_LANGUAGE_STANDARD = "gnu++14";
				CLANG_CXX_LIBRARY = "libc++";
				CLANG_ENABLE_MODULES = YES;
				CLANG_ENABLE_OBJC_ARC = YES;
				CLANG_ENABLE_OBJC_WEAK = YES;
				CLANG_WARN_BLOCK_CAPTURE_AUTORELEASING = YES;
				CLANG_WARN_BOOL_CONVERSION = YES;
				CLANG_WARN_COMMA = YES;
				CLANG_WARN_CONSTANT_CONVERSION = YES;
				CLANG_WARN_DEPRECATED_OBJC_IMPLEMENTATIONS = YES;
				CLANG_WARN_DIRECT_OBJC_ISA_USAGE = YES_ERROR;
				CLANG_WARN_DOCUMENTATION_COMMENTS = YES;
				CLANG_WARN_EMPTY_BODY = YES;
				CLANG_WARN_ENUM_CONVERSION = YES;
				CLANG_WARN_INFINITE_RECURSION = YES;
				CLANG_WARN_INT_CONVERSION = YES;
				CLANG_WARN_NON_LITERAL_NULL_CONVERSION = YES;
				CLANG_WARN_OBJC_IMPLICIT_RETAIN_SELF = YES;
				CLANG_WARN_OBJC_LITERAL_CONVERSION = YES;
				CLANG_WARN_OBJC_ROOT_CLASS = YES_ERROR;
				CLANG_WARN_QUOTED_INCLUDE_IN_FRAMEWORK_HEADER = YES;
				CLANG_WARN_RANGE_LOOP_ANALYSIS = YES;
				CLANG_WARN_STRICT_PROTOTYPES = YES;
				CLANG_WARN_SUSPICIOUS_MOVE = YES;
				CLANG_WARN_UNGUARDED_AVAILABILITY = YES_AGGRESSIVE;
				CLANG_WARN_UNREACHABLE_CODE = YES;
				CLANG_WARN__DUPLICATE_METHOD_MATCH = YES;
				COPY_PHASE_STRIP = NO;
				DEBUG_INFORMATION_FORMAT = dwarf;
				ENABLE_STRICT_OBJC_MSGSEND = YES;
				ENABLE_TESTABILITY = YES;
				GCC_C_LANGUAGE_STANDARD = gnu11;
				GCC_DYNAMIC_NO_PIC = NO;
				GCC_NO_COMMON_BLOCKS = YES;
				GCC_OPTIMIZATION_LEVEL = 0;
				GCC_PREPROCESSOR_DEFINITIONS = (
					"$(inherited)",
					"DEBUG=1",
				);
				GCC_WARN_64_TO_32_BIT_CONVERSION = YES;
				GCC_WARN_ABOUT_RETURN_TYPE = YES_ERROR;
				GCC_WARN_UNDECLARED_SELECTOR = YES;
				GCC_WARN_UNINITIALIZED_AUTOS = YES_AGGRESSIVE;
				GCC_WARN_UNUSED_FUNCTION = YES;
				GCC_WARN_UNUSED_VARIABLE = YES;
				IPHONEOS_DEPLOYMENT_TARGET = 15.0;
				MTL_ENABLE_DEBUG_INFO = INCLUDE_SOURCE;
				MTL_FAST_MATH = YES;
				ONLY_ACTIVE_ARCH = YES;
				PRODUCT_NAME = "$(TARGET_NAME)";
				SDKROOT = iphoneos;
				SWIFT_ACTIVE_COMPILATION_CONDITIONS = DEBUG;
				SWIFT_OPTIMIZATION_LEVEL = "-Onone";
				SWIFT_VERSION = 5.0;
			};
			name = Debug;
		};
		2D6836BF456908318E3494BF /* Debug */ = {
			isa = XCBuildConfiguration;
			buildSettings = {
				CODE_SIGN_IDENTITY = "";
				CURRENT_PROJECT_VERSION = 1;
				DEFINES_MODULE = YES;
				DYLIB_COMPATIBILITY_VERSION = 1;
				DYLIB_CURRENT_VERSION = 1;
				DYLIB_INSTALL_NAME_BASE = "@rpath";
				INFOPLIST_FILE = Domain/Info.plist;
				INSTALL_PATH = "$(LOCAL_LIBRARY_DIR)/Frameworks";
				LD_RUNPATH_SEARCH_PATHS = (
					"$(inherited)",
					"@executable_path/Frameworks",
				);
				PRODUCT_BUNDLE_IDENTIFIER = com.casha.Domain;
				SDKROOT = iphoneos;
				SKIP_INSTALL = YES;
				TARGETED_DEVICE_FAMILY = "1,2";
				VERSIONING_SYSTEM = "apple-generic";
			};
			name = Debug;
		};
		4CA7A98CC34549287B4CA564 /* Release */ = {
			isa = XCBuildConfiguration;
			buildSettings = {
				CODE_SIGN_IDENTITY = "";
				CURRENT_PROJECT_VERSION = 1;
				DEFINES_MODULE = YES;
				DYLIB_COMPATIBILITY_VERSION = 1;
				DYLIB_CURRENT_VERSION = 1;
				DYLIB_INSTALL_NAME_BASE = "@rpath";
				INFOPLIST_FILE = Domain/Info.plist;
				INSTALL_PATH = "$(LOCAL_LIBRARY_DIR)/Frameworks";
				LD_RUNPATH_SEARCH_PATHS = (
					"$(inherited)",
					"@executable_path/Frameworks",
				);
				PRODUCT_BUNDLE_IDENTIFIER = com.casha.Domain;
				SDKROOT = iphoneos;
				SKIP_INSTALL = YES;
				TARGETED_DEVICE_FAMILY = "1,2";
				VERSIONING_SYSTEM = "apple-generic";
			};
			name = Release;
		};
		5415B89B1A2B0F4ADB48849A /* Debug */ = {
			isa = XCBuildConfiguration;
			buildSettings = {
				CODE_SIGN_IDENTITY = "";
				CURRENT_PROJECT_VERSION = 1;
				DEFINES_MODULE = YES;
				DYLIB_COMPATIBILITY_VERSION = 1;
				DYLIB_CURRENT_VERSION = 1;
				DYLIB_INSTALL_NAME_BASE = "@rpath";
				INFOPLIST_FILE = Core/Info.plist;
				INSTALL_PATH = "$(LOCAL_LIBRARY_DIR)/Frameworks";
				LD_RUNPATH_SEARCH_PATHS = (
					"$(inherited)",
					"@executable_path/Frameworks",
				);
				PRODUCT_BUNDLE_IDENTIFIER = com.casha.Core;
				SDKROOT = iphoneos;
				SKIP_INSTALL = YES;
				TARGETED_DEVICE_FAMILY = "1,2";
				VERSIONING_SYSTEM = "apple-generic";
			};
			name = Debug;
		};
		632BAFF001F716CA78105279 /* Release */ = {
			isa = XCBuildConfiguration;
			buildSettings = {
				CODE_SIGN_IDENTITY = "";
				CURRENT_PROJECT_VERSION = 1;
				DEFINES_MODULE = YES;
				DYLIB_COMPATIBILITY_VERSION = 1;
				DYLIB_CURRENT_VERSION = 1;
				DYLIB_INSTALL_NAME_BASE = "@rpath";
				INFOPLIST_FILE = Data/Info.plist;
				INSTALL_PATH = "$(LOCAL_LIBRARY_DIR)/Frameworks";
				LD_RUNPATH_SEARCH_PATHS = (
					"$(inherited)",
					"@executable_path/Frameworks",
				);
				PRODUCT_BUNDLE_IDENTIFIER = com.casha.Data;
				SDKROOT = iphoneos;
				SKIP_INSTALL = YES;
				TARGETED_DEVICE_FAMILY = "1,2";
				VERSIONING_SYSTEM = "apple-generic";
			};
			name = Release;
		};
		A7DEFA15A5D067B98C861162 /* Debug */ = {
			isa = XCBuildConfiguration;
			buildSettings = {
				CODE_SIGN_IDENTITY = "";
				CURRENT_PROJECT_VERSION = 1;
				DEFINES_MODULE = YES;
				DYLIB_COMPATIBILITY_VERSION = 1;
				DYLIB_CURRENT_VERSION = 1;
				DYLIB_INSTALL_NAME_BASE = "@rpath";
				INFOPLIST_FILE = Data/Info.plist;
				INSTALL_PATH = "$(LOCAL_LIBRARY_DIR)/Frameworks";
				LD_RUNPATH_SEARCH_PATHS = (
					"$(inherited)",
					"@executable_path/Frameworks",
				);
				PRODUCT_BUNDLE_IDENTIFIER = com.casha.Data;
				SDKROOT = iphoneos;
				SKIP_INSTALL = YES;
				TARGETED_DEVICE_FAMILY = "1,2";
				VERSIONING_SYSTEM = "apple-generic";
			};
			name = Debug;
		};
		D3A8F1D0FB282D38BC21321B /* Debug */ = {
			isa = XCBuildConfiguration;
			buildSettings = {
				ASSETCATALOG_COMPILER_APPICON_NAME = AppIcon;
				CODE_SIGN_IDENTITY = "iPhone Developer";
				DEVELOPMENT_TEAM = 43F85566S2;
				INFOPLIST_FILE = App/Info.plist;
				LD_RUNPATH_SEARCH_PATHS = (
					"$(inherited)",
					"@executable_path/Frameworks",
				);
				PRODUCT_BUNDLE_IDENTIFIER = com.casha.CashaApp.p;
				SDKROOT = iphoneos;
				TARGETED_DEVICE_FAMILY = "1,2";
			};
			name = Debug;
		};
		D4BD446206F14B90B2A648C0 /* Release */ = {
			isa = XCBuildConfiguration;
			buildSettings = {
				ASSETCATALOG_COMPILER_APPICON_NAME = AppIcon;
				CODE_SIGN_IDENTITY = "iPhone Developer";
				DEVELOPMENT_TEAM = 43F85566S2;
				INFOPLIST_FILE = App/Info.plist;
				LD_RUNPATH_SEARCH_PATHS = (
					"$(inherited)",
					"@executable_path/Frameworks",
				);
				PRODUCT_BUNDLE_IDENTIFIER = com.casha.CashaApp.p;
				SDKROOT = iphoneos;
				TARGETED_DEVICE_FAMILY = "1,2";
			};
			name = Release;
		};
		FDA0B949F53CEB468610108A /* Release */ = {
			isa = XCBuildConfiguration;
			buildSettings = {
				CODE_SIGN_IDENTITY = "";
				CURRENT_PROJECT_VERSION = 1;
				DEFINES_MODULE = YES;
				DYLIB_COMPATIBILITY_VERSION = 1;
				DYLIB_CURRENT_VERSION = 1;
				DYLIB_INSTALL_NAME_BASE = "@rpath";
				INFOPLIST_FILE = Core/Info.plist;
				INSTALL_PATH = "$(LOCAL_LIBRARY_DIR)/Frameworks";
				LD_RUNPATH_SEARCH_PATHS = (
					"$(inherited)",
					"@executable_path/Frameworks",
				);
				PRODUCT_BUNDLE_IDENTIFIER = com.casha.Core;
				SDKROOT = iphoneos;
				SKIP_INSTALL = YES;
				TARGETED_DEVICE_FAMILY = "1,2";
				VERSIONING_SYSTEM = "apple-generic";
			};
			name = Release;
		};
/* End XCBuildConfiguration section */

/* Begin XCConfigurationList section */
		0CE672E764D6480721914D79 /* Build configuration list for PBXNativeTarget "CashaApp" */ = {
			isa = XCConfigurationList;
			buildConfigurations = (
				D3A8F1D0FB282D38BC21321B /* Debug */,
				D4BD446206F14B90B2A648C0 /* Release */,
			);
			defaultConfigurationIsVisible = 0;
			defaultConfigurationName = Debug;
		};
		740977B765B64516344D859C /* Build configuration list for PBXNativeTarget "Domain" */ = {
			isa = XCConfigurationList;
			buildConfigurations = (
				2D6836BF456908318E3494BF /* Debug */,
				4CA7A98CC34549287B4CA564 /* Release */,
			);
			defaultConfigurationIsVisible = 0;
			defaultConfigurationName = Debug;
		};
		9C92C729FE1351C5EB83EB85 /* Build configuration list for PBXNativeTarget "Data" */ = {
			isa = XCConfigurationList;
			buildConfigurations = (
				A7DEFA15A5D067B98C861162 /* Debug */,
				632BAFF001F716CA78105279 /* Release */,
			);
			defaultConfigurationIsVisible = 0;
			defaultConfigurationName = Debug;
		};
		C2AE0DE772707CDB0A53DA12 /* Build configuration list for PBXNativeTarget "Core" */ = {
			isa = XCConfigurationList;
			buildConfigurations = (
				5415B89B1A2B0F4ADB48849A /* Debug */,
				FDA0B949F53CEB468610108A /* Release */,
			);
			defaultConfigurationIsVisible = 0;
			defaultConfigurationName = Debug;
		};
		E7D9C3E4677D1F87EAB8CC59 /* Build configuration list for PBXProject "Casha" */ = {
			isa = XCConfigurationList;
			buildConfigurations = (
				133CF8CA040CDC13F16A790F /* Debug */,
				0B006E921989DFE23580FA3D /* Release */,
			);
			defaultConfigurationIsVisible = 0;
			defaultConfigurationName = Debug;
		};
/* End XCConfigurationList section */

/* Begin XCRemoteSwiftPackageReference section */
		1611391E78DAA2C40F571413 /* XCRemoteSwiftPackageReference "swift-algorithms" */ = {
			isa = XCRemoteSwiftPackageReference;
			repositoryURL = "https://github.com/apple/swift-algorithms";
			requirement = {
				kind = upToNextMajorVersion;
				minimumVersion = 1.0.0;
			};
		};
		E31037C44FAB4E490480993D /* XCRemoteSwiftPackageReference "Alamofire" */ = {
			isa = XCRemoteSwiftPackageReference;
			repositoryURL = "https://github.com/Alamofire/Alamofire.git";
			requirement = {
				kind = upToNextMinorVersion;
				minimumVersion = 5.2.2;
			};
		};
/* End XCRemoteSwiftPackageReference section */

/* Begin XCSwiftPackageProductDependency section */
		666B38822B03B22991473017 /* Algorithms */ = {
			isa = XCSwiftPackageProductDependency;
			package = 1611391E78DAA2C40F571413 /* XCRemoteSwiftPackageReference "swift-algorithms" */;
			productName = Algorithms;
		};
		67BBF56E1E6BCAE25CA8F68F /* Alamofire */ = {
			isa = XCSwiftPackageProductDependency;
			package = E31037C44FAB4E490480993D /* XCRemoteSwiftPackageReference "Alamofire" */;
			productName = Alamofire;
		};
/* End XCSwiftPackageProductDependency section */
	};
	rootObject = CB1DC318DA2A6F4EA9188A32 /* Project object */;
}
