// !$*UTF8*$!
{
	archiveVersion = 1;
	classes = {
	};
	objectVersion = 63;
	objects = {

/* Begin PBXBuildFile section */
		0102372D339AE51D7FCDD9DC /* LocalTransactionRepositoryProtocol.swift in Sources */ = {isa = PBXBuildFile; fileRef = 129406C2CBE09D689635F154 /* LocalTransactionRepositoryProtocol.swift */; };
		03E35CFDE8E5F7FC86AE5A57 /* Data.framework in Frameworks */ = {isa = PBXBuildFile; fileRef = EFC8ED3D11C8CBFD6B5784A7 /* Data.framework */; };
		052B3E1DE7E62655F0E07420 /* DateHelper.swift in Sources */ = {isa = PBXBuildFile; fileRef = A08825F82E49B2DCA621E363 /* DateHelper.swift */; };
		06102EE794A16FD13312F985 /* TransactionListState.swift in Sources */ = {isa = PBXBuildFile; fileRef = F1DE5220BF61F5392240CE3D /* TransactionListState.swift */; };
		0A32F8846202C48102A876CD /* Core.framework in Frameworks */ = {isa = PBXBuildFile; fileRef = 3EC5D4214B46096C7D245FFF /* Core.framework */; };
		0FEA738E4DCD5EE8EF28C817 /* KeyboardHelper.swift in Sources */ = {isa = PBXBuildFile; fileRef = 7A6B69B9E22FECC5F4A591EC /* KeyboardHelper.swift */; };
		109CE71244B13BA1E23F452D /* LaunchScreen.storyboard in Resources */ = {isa = PBXBuildFile; fileRef = 3857BADB13D82851AE4EA0E6 /* LaunchScreen.storyboard */; };
		1E2F46380F4737998F6D02F9 /* SearchTransactionsUseCase.swift in Sources */ = {isa = PBXBuildFile; fileRef = 72DF5E101038B0811386468C /* SearchTransactionsUseCase.swift */; };
		22EEA9E56EF7D31446077322 /* Domain.framework in Frameworks */ = {isa = PBXBuildFile; fileRef = 2905F78354DF39757CEBAA7B /* Domain.framework */; };
		26C4C4BA1864C3403EAA9DFB /* NetworkClient.swift in Sources */ = {isa = PBXBuildFile; fileRef = 5BC10A9EBF4A765B06804F7D /* NetworkClient.swift */; };
		279178CE5512F8A6FE789092 /* TransactionEntity.swift in Sources */ = {isa = PBXBuildFile; fileRef = 5E602EDB1CABF093317E9D06 /* TransactionEntity.swift */; };
		29A4CAD4E38263817DACCF42 /* Core.framework in Frameworks */ = {isa = PBXBuildFile; fileRef = 3EC5D4214B46096C7D245FFF /* Core.framework */; };
		2B0027BB831D0C75E27D8AAA /* Alamofire in Frameworks */ = {isa = PBXBuildFile; productRef = 67BBF56E1E6BCAE25CA8F68F /* Alamofire */; };
		30874FBA47A28284C7D95865 /* TransactionDateSection.swift in Sources */ = {isa = PBXBuildFile; fileRef = 11BC0FC062734E9E636643AF /* TransactionDateSection.swift */; };
		3240461EEE65F5553745F1EA /* AutoFocusKeyboard.swift in Sources */ = {isa = PBXBuildFile; fileRef = 20F0EBB436012B473FBF812B /* AutoFocusKeyboard.swift */; };
		34F695D6415D9B0579BE8449 /* ReportView.swift in Sources */ = {isa = PBXBuildFile; fileRef = 9B93EDF7D718B918DEECA62E /* ReportView.swift */; };
		3821809AAC706A2AF5C71B90 /* CategoryRepositoryImpl.swift in Sources */ = {isa = PBXBuildFile; fileRef = 88D17F22F65F96E37D3DD311 /* CategoryRepositoryImpl.swift */; };
		390ED24C4E59D0E4E230E4E4 /* Algorithms in Frameworks */ = {isa = PBXBuildFile; productRef = 666B38822B03B22991473017 /* Algorithms */; };
		3B1100E3D85FCEC474B5D845 /* ProfileView.swift in Sources */ = {isa = PBXBuildFile; fileRef = A5E1D704E367B0916D91A95B /* ProfileView.swift */; };
		3BAE19FFC5C724F23659F849 /* Endpoint.swift in Sources */ = {isa = PBXBuildFile; fileRef = D9A092D37960230010E7D62D /* Endpoint.swift */; };
		3DB356E802B74B04009507C2 /* TransactionFilterBar.swift in Sources */ = {isa = PBXBuildFile; fileRef = DC53FA81E68B7C735D31651A /* TransactionFilterBar.swift */; };
		3F57337828F84F228D281EF6 /* TransactionCasha.swift in Sources */ = {isa = PBXBuildFile; fileRef = 64E08EC12DBEDADF9340BCD6 /* TransactionCasha.swift */; };
		40E66E412EB5CF191BA0EFE7 /* Core.framework in Embed Frameworks */ = {isa = PBXBuildFile; fileRef = 3EC5D4214B46096C7D245FFF /* Core.framework */; settings = {ATTRIBUTES = (CodeSignOnCopy, RemoveHeadersOnCopy, ); }; };
		41CAC89529614A2612667CE9 /* CoreTests-Info.plist in Resources */ = {isa = PBXBuildFile; fileRef = E34A6957411D4901FA0F988A /* CoreTests-Info.plist */; };
		4336F13B6FEE638E4A13D572 /* GetTransactionsByPeriodUseCase.swift in Sources */ = {isa = PBXBuildFile; fileRef = 460B0D1441D3B0D965783C26 /* GetTransactionsByPeriodUseCase.swift */; };
		4D891B6FCAAF9CD8910906CD /* ImagePickerCoordinator.swift in Sources */ = {isa = PBXBuildFile; fileRef = 5CAF7DB318C648AA19A181F3 /* ImagePickerCoordinator.swift */; };
		4DF19D3BC6841EFF365E8EDE /* MainTabView.swift in Sources */ = {isa = PBXBuildFile; fileRef = 5056D19EC0C7F7B76FAB19DB /* MainTabView.swift */; };
		539F8C347A64DB46B9482A8D /* TransactionDTO.swift in Sources */ = {isa = PBXBuildFile; fileRef = 3F81A20E95B59CA5090F9601 /* TransactionDTO.swift */; };
		5454CAA2457E2C296EC0586E /* CategoryEntity+Mapper.swift in Sources */ = {isa = PBXBuildFile; fileRef = 470BF1926F838A42575EC3B6 /* CategoryEntity+Mapper.swift */; };
		5494DA632E77A50F00782E86 /* BudgetListView.swift in Sources */ = {isa = PBXBuildFile; fileRef = 5494DA622E77A50A00782E86 /* BudgetListView.swift */; };
		5494DA652E77B39700782E86 /* CutomTabBar.swift in Sources */ = {isa = PBXBuildFile; fileRef = 5494DA642E77B38C00782E86 /* CutomTabBar.swift */; };
		5494DA672E77BC7500782E86 /* AddTransactionCoordinator.swift in Sources */ = {isa = PBXBuildFile; fileRef = 5494DA662E77BC7100782E86 /* AddTransactionCoordinator.swift */; };
		549B64F32E61824500DEF8F6 /* BudgetView.swift in Sources */ = {isa = PBXBuildFile; fileRef = 549B64F22E61823E00DEF8F6 /* BudgetView.swift */; };
		549B64F52E619D2F00DEF8F6 /* BudgetCardView.swift in Sources */ = {isa = PBXBuildFile; fileRef = 549B64F42E619D2700DEF8F6 /* BudgetCardView.swift */; };
		549B64F72E619D4400DEF8F6 /* AddBudgetView.swift in Sources */ = {isa = PBXBuildFile; fileRef = 549B64F62E619D3A00DEF8F6 /* AddBudgetView.swift */; };
		549B64F92E619E3A00DEF8F6 /* BudgetCasha.swift in Sources */ = {isa = PBXBuildFile; fileRef = 549B64F82E619E3800DEF8F6 /* BudgetCasha.swift */; };
		549B64FD2E68150E00DEF8F6 /* BudgetRemoteDataSourceImpl.swift in Sources */ = {isa = PBXBuildFile; fileRef = 549B64FC2E6814FD00DEF8F6 /* BudgetRemoteDataSourceImpl.swift */; };
		549B65032E68165600DEF8F6 /* BudgetDTO.swift in Sources */ = {isa = PBXBuildFile; fileRef = 549B65022E68164A00DEF8F6 /* BudgetDTO.swift */; };
		549B65072E681C2500DEF8F6 /* CategoryDTO.swift in Sources */ = {isa = PBXBuildFile; fileRef = 549B65062E681C1C00DEF8F6 /* CategoryDTO.swift */; };
		549B65092E68204C00DEF8F6 /* RemoteBudgetRepositoryProtocol.swift in Sources */ = {isa = PBXBuildFile; fileRef = 549B65082E68204100DEF8F6 /* RemoteBudgetRepositoryProtocol.swift */; };
		549B650E2E68229700DEF8F6 /* GetBudgetsUseCase.swift in Sources */ = {isa = PBXBuildFile; fileRef = 549B650D2E68227F00DEF8F6 /* GetBudgetsUseCase.swift */; };
		549B65102E68277B00DEF8F6 /* BudgetState.swift in Sources */ = {isa = PBXBuildFile; fileRef = 549B650F2E68277200DEF8F6 /* BudgetState.swift */; };
		549B65162E68358600DEF8F6 /* AddBudgetUseCase.swift in Sources */ = {isa = PBXBuildFile; fileRef = 549B65152E68357600DEF8F6 /* AddBudgetUseCase.swift */; };
		549B65182E69193900DEF8F6 /* SnackbarView.swift in Sources */ = {isa = PBXBuildFile; fileRef = 549B65172E69193400DEF8F6 /* SnackbarView.swift */; };
		549B651E2E69385B00DEF8F6 /* NewBudgetReq.swift in Sources */ = {isa = PBXBuildFile; fileRef = 549B651D2E69385100DEF8F6 /* NewBudgetReq.swift */; };
		549B65202E69389100DEF8F6 /* BudgetSummary.swift in Sources */ = {isa = PBXBuildFile; fileRef = 549B651F2E69387F00DEF8F6 /* BudgetSummary.swift */; };
		549B65222E693AC500DEF8F6 /* BaseResponse.swift in Sources */ = {isa = PBXBuildFile; fileRef = 549B65212E693AC000DEF8F6 /* BaseResponse.swift */; };
		549B65242E693B0C00DEF8F6 /* BudgetSumarryDTO.swift in Sources */ = {isa = PBXBuildFile; fileRef = 549B65232E693B0000DEF8F6 /* BudgetSumarryDTO.swift */; };
		549B65262E693DAF00DEF8F6 /* GetTotalSummaryBudgetUseCase.swift in Sources */ = {isa = PBXBuildFile; fileRef = 549B65252E693DA600DEF8F6 /* GetTotalSummaryBudgetUseCase.swift */; };
		549B65292E6974DD00DEF8F6 /* GetProfileUseCase.swift in Sources */ = {isa = PBXBuildFile; fileRef = 549B65282E6974D000DEF8F6 /* GetProfileUseCase.swift */; };
		549B652E2E69754E00DEF8F6 /* UserCasha.swift in Sources */ = {isa = PBXBuildFile; fileRef = 549B652D2E69754C00DEF8F6 /* UserCasha.swift */; };
		549B652F2E6975F400DEF8F6 /* RemoteTransactionRepositoryProtocol.swift in Sources */ = {isa = PBXBuildFile; fileRef = C325C8BF9D16506E10A51FC3 /* RemoteTransactionRepositoryProtocol.swift */; };
		549B65302E69760400DEF8F6 /* RemoteAuthRepositoryProtocol.swift in Sources */ = {isa = PBXBuildFile; fileRef = 549B652A2E69750200DEF8F6 /* RemoteAuthRepositoryProtocol.swift */; };
		549B65322E69766B00DEF8F6 /* AuthRemoteDataSourceImpl.swift in Sources */ = {isa = PBXBuildFile; fileRef = 549B65312E69765A00DEF8F6 /* AuthRemoteDataSourceImpl.swift */; };
		549B65352E69771C00DEF8F6 /* ProfileDTO.swift in Sources */ = {isa = PBXBuildFile; fileRef = 549B65342E69771700DEF8F6 /* ProfileDTO.swift */; };
		549B65372E69780700DEF8F6 /* ProfileState.swift in Sources */ = {isa = PBXBuildFile; fileRef = 549B65362E69780200DEF8F6 /* ProfileState.swift */; };
		549B65392E6982D100DEF8F6 /* DepedencyContainer.swift in Sources */ = {isa = PBXBuildFile; fileRef = 549B65382E6982C800DEF8F6 /* DepedencyContainer.swift */; };
		549B653B2E69831600DEF8F6 /* EnvironmentKeys.swift in Sources */ = {isa = PBXBuildFile; fileRef = 549B653A2E69831500DEF8F6 /* EnvironmentKeys.swift */; };
		549B653D2E69835C00DEF8F6 /* AppConfig.swift in Sources */ = {isa = PBXBuildFile; fileRef = 549B653C2E69835800DEF8F6 /* AppConfig.swift */; };
		549B653F2E69839400DEF8F6 /* DebugTools.swift in Sources */ = {isa = PBXBuildFile; fileRef = 549B653E2E69838F00DEF8F6 /* DebugTools.swift */; };
		549B65412E6A9F0700DEF8F6 /* AddTransactionView.swift in Sources */ = {isa = PBXBuildFile; fileRef = 549B65402E6A9EFF00DEF8F6 /* AddTransactionView.swift */; };
		549B65432E6AA0E800DEF8F6 /* AddTransactionLocalUseCase.swift in Sources */ = {isa = PBXBuildFile; fileRef = 549B65422E6AA0CF00DEF8F6 /* AddTransactionLocalUseCase.swift */; };
		549B65452E6AC4FE00DEF8F6 /* SyncBadgeView.swift in Sources */ = {isa = PBXBuildFile; fileRef = 549B65442E6AC4F600DEF8F6 /* SyncBadgeView.swift */; };
		549B65472E6AC50E00DEF8F6 /* SyncFloatingButton.swift in Sources */ = {isa = PBXBuildFile; fileRef = 549B65462E6AC50500DEF8F6 /* SyncFloatingButton.swift */; };
		549B65492E6ACA7500DEF8F6 /* NetworkMonitor.swift in Sources */ = {isa = PBXBuildFile; fileRef = 549B65482E6ACA6D00DEF8F6 /* NetworkMonitor.swift */; };
		549B654B2E6B182300DEF8F6 /* SyncBanner.swift in Sources */ = {isa = PBXBuildFile; fileRef = 549B654A2E6B181C00DEF8F6 /* SyncBanner.swift */; };
		549B654D2E6B4B9100DEF8F6 /* BudgetSummaryView.swift in Sources */ = {isa = PBXBuildFile; fileRef = 549B654C2E6B4B8B00DEF8F6 /* BudgetSummaryView.swift */; };
		549B65502E6C033600DEF8F6 /* LoginView.swift in Sources */ = {isa = PBXBuildFile; fileRef = 549B654F2E6C033300DEF8F6 /* LoginView.swift */; };
		549B65522E6C033F00DEF8F6 /* LoginState.swift in Sources */ = {isa = PBXBuildFile; fileRef = 549B65512E6C033B00DEF8F6 /* LoginState.swift */; };
		549B65542E6C04C800DEF8F6 /* LoginDTO.swift in Sources */ = {isa = PBXBuildFile; fileRef = 549B65532E6C04C500DEF8F6 /* LoginDTO.swift */; };
		549B65562E6C09B900DEF8F6 /* LoginUseCase.swift in Sources */ = {isa = PBXBuildFile; fileRef = 549B65552E6C09B200DEF8F6 /* LoginUseCase.swift */; };
		549B65592E6C114200DEF8F6 /* AuthManager.swift in Sources */ = {isa = PBXBuildFile; fileRef = 549B65582E6C113F00DEF8F6 /* AuthManager.swift */; };
		549B655B2E6E7DB100DEF8F6 /* RegisterView.swift in Sources */ = {isa = PBXBuildFile; fileRef = 549B655A2E6E7DAD00DEF8F6 /* RegisterView.swift */; };
		549B655D2E6E7DBD00DEF8F6 /* RegisterState.swift in Sources */ = {isa = PBXBuildFile; fileRef = 549B655C2E6E7DB600DEF8F6 /* RegisterState.swift */; };
		549B655F2E6E82A700DEF8F6 /* RegisterUseCase.swift in Sources */ = {isa = PBXBuildFile; fileRef = 549B655E2E6E82A000DEF8F6 /* RegisterUseCase.swift */; };
		549B65642E6FB95E00DEF8F6 /* GetUnsyncTransactionCountUseCase.swift in Sources */ = {isa = PBXBuildFile; fileRef = 549B65632E6FB94F00DEF8F6 /* GetUnsyncTransactionCountUseCase.swift */; };
		549B65662E6FD7EE00DEF8F6 /* DeleteAllLocalDataUseCase.swift in Sources */ = {isa = PBXBuildFile; fileRef = 549B65652E6FD7DA00DEF8F6 /* DeleteAllLocalDataUseCase.swift */; };
		549B65682E701D2000DEF8F6 /* BudgetFilterBar.swift in Sources */ = {isa = PBXBuildFile; fileRef = 549B65672E701D1900DEF8F6 /* BudgetFilterBar.swift */; };
		549B656A2E7108C900DEF8F6 /* ToastView.swift in Sources */ = {isa = PBXBuildFile; fileRef = 549B65692E7108C400DEF8F6 /* ToastView.swift */; };
		549B656C2E7155A900DEF8F6 /* ProfileEditView.swift in Sources */ = {isa = PBXBuildFile; fileRef = 549B656B2E71559F00DEF8F6 /* ProfileEditView.swift */; };
		549B656E2E71583500DEF8F6 /* UpdateProfileRequest.swift in Sources */ = {isa = PBXBuildFile; fileRef = 549B656D2E71582200DEF8F6 /* UpdateProfileRequest.swift */; };
		549B65702E71587E00DEF8F6 /* UpdateProfileUseCase.swift in Sources */ = {isa = PBXBuildFile; fileRef = 549B656F2E71587500DEF8F6 /* UpdateProfileUseCase.swift */; };
		549B65722E72641A00DEF8F6 /* TransactionDetailView.swift in Sources */ = {isa = PBXBuildFile; fileRef = 549B65712E72640700DEF8F6 /* TransactionDetailView.swift */; };
		549B65742E72655A00DEF8F6 /* TransactionEditView.swift in Sources */ = {isa = PBXBuildFile; fileRef = 549B65732E72655500DEF8F6 /* TransactionEditView.swift */; };
		549B65762E72883100DEF8F6 /* UpdateTransactionRequest.swift in Sources */ = {isa = PBXBuildFile; fileRef = 549B65752E72883000DEF8F6 /* UpdateTransactionRequest.swift */; };
		549B65782E72896900DEF8F6 /* DeleteDTO.swift in Sources */ = {isa = PBXBuildFile; fileRef = 549B65772E72896500DEF8F6 /* DeleteDTO.swift */; };
		549B65792E728E1000DEF8F6 /* TransactionSyncUseCase.swift in Sources */ = {isa = PBXBuildFile; fileRef = C1B0D8B0F7C8216A23B38B60 /* TransactionSyncUseCase.swift */; };
		549B657D2E72BDC000DEF8F6 /* GetTransactionbyCategory.swift in Sources */ = {isa = PBXBuildFile; fileRef = 549B657C2E72BDA800DEF8F6 /* GetTransactionbyCategory.swift */; };
		549B657F2E72C13700DEF8F6 /* TransactionListByCategoryView.swift in Sources */ = {isa = PBXBuildFile; fileRef = 549B657E2E72C13300DEF8F6 /* TransactionListByCategoryView.swift */; };
		549B65812E73B28000DEF8F6 /* LoadingShimmerView.swift in Sources */ = {isa = PBXBuildFile; fileRef = 549B65802E73B27B00DEF8F6 /* LoadingShimmerView.swift */; };
		549B65832E73B73A00DEF8F6 /* TransactionRow.swift in Sources */ = {isa = PBXBuildFile; fileRef = 549B65822E73B73100DEF8F6 /* TransactionRow.swift */; };
		5C8B7B50E1E818514B3C28C4 /* GetCategorySpendingUseCase.swift in Sources */ = {isa = PBXBuildFile; fileRef = F924F3D1C46578CC32C7FC8B /* GetCategorySpendingUseCase.swift */; };
		62DE36A24ECD0F9F2D88687C /* TransactionEntity+Mapper.swift.swift in Sources */ = {isa = PBXBuildFile; fileRef = CA684ADA57BE48C163D3B156 /* TransactionEntity+Mapper.swift.swift */; };
		630C080456D1358A565C7ED3 /* SplashScreen.swift in Sources */ = {isa = PBXBuildFile; fileRef = 650F06C995A36AF03739D2DE /* SplashScreen.swift */; };
		66447906718611F0B83631CC /* ReportCategoryList.swift in Sources */ = {isa = PBXBuildFile; fileRef = 35CA8FB30F99D0CB926645F5 /* ReportCategoryList.swift */; };
		679AFEB44F5E2E93EA2DE4AE /* CashaModel.xcdatamodeld in Sources */ = {isa = PBXBuildFile; fileRef = 95E233270D99B7CB4D3E719D /* CashaModel.xcdatamodeld */; };
		6CC78093CF69137B940EFC5A /* MassageFormInput.swift in Sources */ = {isa = PBXBuildFile; fileRef = 5C3E6FFEC0A3FE67E6D02DB1 /* MassageFormInput.swift */; };
		6FD7BDD78563A9BD3BBDF61A /* CategoryAnalytics.swift in Sources */ = {isa = PBXBuildFile; fileRef = 460203219C2B22865645CF16 /* CategoryAnalytics.swift */; };
		7003DB9D43E18C16D11978A6 /* ReportCategoryPieChart.swift in Sources */ = {isa = PBXBuildFile; fileRef = 90AD5DE806E00DCE2DE24B09 /* ReportCategoryPieChart.swift */; };
		70AECA4CDFFF01BBEC339C89 /* SearchView.swift in Sources */ = {isa = PBXBuildFile; fileRef = FD06A3A543F891F7D822A839 /* SearchView.swift */; };
		7150F9DE9869B8E1DB4646B1 /* GetTotalSpendingUseCase.swift in Sources */ = {isa = PBXBuildFile; fileRef = 1D763A49BF1781B1720CD8F6 /* GetTotalSpendingUseCase.swift */; };
		792E6B5073586C567E8E0941 /* ReportPeriod.swift in Sources */ = {isa = PBXBuildFile; fileRef = 5CFCCB1B76A2A0E7DCC2B386 /* ReportPeriod.swift */; };
		7CF63D2893BDFE07F35ABF1F /* ImagePickerServiceProtocol.swift in Sources */ = {isa = PBXBuildFile; fileRef = 702C908CDFE1FBF399200AD9 /* ImagePickerServiceProtocol.swift */; };
		7E108FAF821D13E4A9713A28 /* CategoryCasha.swift in Sources */ = {isa = PBXBuildFile; fileRef = F8116375BA4FCFF7CCCDD120 /* CategoryCasha.swift */; };
		7EDCD8605FB2E5300363735A /* EmptyView.swift in Sources */ = {isa = PBXBuildFile; fileRef = 2D49EA42B28F059365184000 /* EmptyView.swift */; };
		81FEBA747CF6C153F776B8E4 /* DashboardState.swift in Sources */ = {isa = PBXBuildFile; fileRef = AD6814091040E7BC0D98C5C9 /* DashboardState.swift */; };
		8924FAE6B81E47E82FD170D1 /* GetSpendingReportUseCase.swift in Sources */ = {isa = PBXBuildFile; fileRef = CD591FF7DB61B921BFF21CE2 /* GetSpendingReportUseCase.swift */; };
		8C262D6C7E393D07FC727960 /* CoreDataManager.swift in Sources */ = {isa = PBXBuildFile; fileRef = CDBA490E725E317DAEBD1CB0 /* CoreDataManager.swift */; };
		8D1A10B1F7803DE3E07E88D1 /* TransactionCardView.swift in Sources */ = {isa = PBXBuildFile; fileRef = 51BC2962D413A363669186DC /* TransactionCardView.swift */; };
		8E55D6E1525B9730F4ABA305 /* Domain.framework in Frameworks */ = {isa = PBXBuildFile; fileRef = 2905F78354DF39757CEBAA7B /* Domain.framework */; };
		93C4E6D0423AC18B6B13DEE2 /* TransactionAnalytics.swift in Sources */ = {isa = PBXBuildFile; fileRef = 8BA12C3BBD91B2690CA6AD7E /* TransactionAnalytics.swift */; };
		958A1B862CDF5D990F549B52 /* CoreDataStack.swift in Sources */ = {isa = PBXBuildFile; fileRef = 51BD8BA610EB29B44E4F6539 /* CoreDataStack.swift */; };
		9769B426D5C52E54A69883BF /* NetworkError.swift in Sources */ = {isa = PBXBuildFile; fileRef = 1C7FA40FE5842F7D3A082E41 /* NetworkError.swift */; };
		980324928B8EC9A945036BE6 /* TransactionRepositoryImpl.swift in Sources */ = {isa = PBXBuildFile; fileRef = 12E8510F0892F7F1CDDD90BC /* TransactionRepositoryImpl.swift */; };
		A0DE24385E7D0573C6209153 /* GetRecentTransactionsUseCase.swift in Sources */ = {isa = PBXBuildFile; fileRef = 571BDFC5B6D8AC0EA35814B2 /* GetRecentTransactionsUseCase.swift */; };
		A20CD717D8EC97EFB79BF8A5 /* TransactionRemoteDataSourceImpl.swift in Sources */ = {isa = PBXBuildFile; fileRef = DA195ABA222D4B98C6AA1F7C /* TransactionRemoteDataSourceImpl.swift */; };
		A4EBF45FD0C32BF588AC9E36 /* VisualEfffect.swift in Sources */ = {isa = PBXBuildFile; fileRef = 8522456D1E97F746BCED9EC0 /* VisualEfffect.swift */; };
		A95EDD5249D07A447A0D044B /* TransactionQuery.swift in Sources */ = {isa = PBXBuildFile; fileRef = 42DC888B3C9B9E7E0E57C039 /* TransactionQuery.swift */; };
		AB4B6D7C6D86B9955DFA6DFA /* ReportState.swift in Sources */ = {isa = PBXBuildFile; fileRef = EFCF73D968E57E861B39B825 /* ReportState.swift */; };
		BA8FAB9FF5231E19CE08AF36 /* Data.framework in Embed Frameworks */ = {isa = PBXBuildFile; fileRef = EFC8ED3D11C8CBFD6B5784A7 /* Data.framework */; settings = {ATTRIBUTES = (CodeSignOnCopy, RemoveHeadersOnCopy, ); }; };
		BC8699FDA4702CA09ADCE047 /* TransactionListView.swift in Sources */ = {isa = PBXBuildFile; fileRef = 37C58A93418A8544BC3DCDEE /* TransactionListView.swift */; };
		BCDAD453FC0545075E6C4DE5 /* TransactionPersistence.swift in Sources */ = {isa = PBXBuildFile; fileRef = 928D425D4259C0B74FDC7421 /* TransactionPersistence.swift */; };
		BD6A059634E94A48E25D3BD6 /* DashboardView.swift in Sources */ = {isa = PBXBuildFile; fileRef = 6BAD414E0EE7CA9B3B45E9F7 /* DashboardView.swift */; };
		BF704CEDB9E833A0EC96AAA6 /* ReportChartView.swift in Sources */ = {isa = PBXBuildFile; fileRef = 7B5C6BB93EAA4CA049C23734 /* ReportChartView.swift */; };
		BFB69DE9348B9372D2987D17 /* CategoryEntity.swift in Sources */ = {isa = PBXBuildFile; fileRef = FF354627DC73E1E25D1F4370 /* CategoryEntity.swift */; };
		C154080530B51A0D73D98748 /* Colors.swift in Sources */ = {isa = PBXBuildFile; fileRef = F22F2A9E4C6744DF43F85AAA /* Colors.swift */; };
		C763997D2D9629DAD864088B /* Domain.framework in Embed Frameworks */ = {isa = PBXBuildFile; fileRef = 2905F78354DF39757CEBAA7B /* Domain.framework */; settings = {ATTRIBUTES = (CodeSignOnCopy, RemoveHeadersOnCopy, ); }; };
		C7B6A7AAFA692AB846781819 /* AddTransactionRequest.swift in Sources */ = {isa = PBXBuildFile; fileRef = 17D2B1177F147475F73D9E21 /* AddTransactionRequest.swift */; };
		CC1668BDED0A931E3FD8C642 /* ImagePickerService.swift in Sources */ = {isa = PBXBuildFile; fileRef = 7C9D7C842BBBAD9813C73C36 /* ImagePickerService.swift */; };
		D0A324667FBCB463A0C908B0 /* GetTransactionsUseCase.swift in Sources */ = {isa = PBXBuildFile; fileRef = 878E1DCFD8BD17371400B811 /* GetTransactionsUseCase.swift */; };
		D65DF4A0D62CE543ABDDA3DF /* ChartCategorySpending.swift in Sources */ = {isa = PBXBuildFile; fileRef = 70EBBA23A0321BDA39B056AA /* ChartCategorySpending.swift */; };
		D7775C1C9849E7E7A3358A09 /* RecentTransactionList.swift in Sources */ = {isa = PBXBuildFile; fileRef = 30781D34E40FEDF1B0019E79 /* RecentTransactionList.swift */; };
		E80D1483C0A9755F63198C3A /* CurrencyFormatter.swift in Sources */ = {isa = PBXBuildFile; fileRef = 0F801EEC6B0C7A90030720B3 /* CurrencyFormatter.swift */; };
		EA9F658DB0E3807AF357E959 /* Validator.swift in Sources */ = {isa = PBXBuildFile; fileRef = A4B6CA09016D8E042A96C046 /* Validator.swift */; };
		EADE7707339F66B67B8F7F95 /* SpendingReport.swift in Sources */ = {isa = PBXBuildFile; fileRef = CC63E382014D3A1BD57D5166 /* SpendingReport.swift */; };
		EBF66CF69B88CD6B2022368D /* CashApp.swift in Sources */ = {isa = PBXBuildFile; fileRef = EEC0996241464FF8BD6ED1FE /* CashApp.swift */; };
		EEAB3BFB300D31B6BF49455E /* APIClient.swift in Sources */ = {isa = PBXBuildFile; fileRef = 7E8028FEAC89836B6AA99B85 /* APIClient.swift */; };
		F595EAABC76C93D07D197F7F /* CardBalanceView.swift in Sources */ = {isa = PBXBuildFile; fileRef = E2C5C2934169EB3E1CD3A815 /* CardBalanceView.swift */; };
		F7F46DA801F9A1EE860F1050 /* LocalCategoryRepositoryProtocol.swift in Sources */ = {isa = PBXBuildFile; fileRef = 990C53FEEDCDB0B372DD62C8 /* LocalCategoryRepositoryProtocol.swift */; };
		F833AE73037AE5E865CF9113 /* ImagePicker.swift in Sources */ = {isa = PBXBuildFile; fileRef = 85EF5696C65F59F44DB07C08 /* ImagePicker.swift */; };
		F939BC5F39DEA03D159B631C /* Assets.xcassets in Resources */ = {isa = PBXBuildFile; fileRef = E4AE8EA15BAC1D8BBDF4F731 /* Assets.xcassets */; };
		FEF460A630A468EA5BD0804B /* CalculatorView.swift in Sources */ = {isa = PBXBuildFile; fileRef = 17FF4D41D30C84F0B6579060 /* CalculatorView.swift */; };
/* End PBXBuildFile section */

/* Begin PBXContainerItemProxy section */
		283B453366179FFFFE82A8C8 /* PBXContainerItemProxy */ = {
			isa = PBXContainerItemProxy;
			containerPortal = CB1DC318DA2A6F4EA9188A32 /* Project object */;
			proxyType = 1;
			remoteGlobalIDString = 60E62DF84A69A86610FCD643;
			remoteInfo = Data;
		};
		78512C49CB9C7D9F54B0744F /* PBXContainerItemProxy */ = {
			isa = PBXContainerItemProxy;
			containerPortal = CB1DC318DA2A6F4EA9188A32 /* Project object */;
			proxyType = 1;
			remoteGlobalIDString = CB73708DDEDB116EC2717AFA;
			remoteInfo = Domain;
		};
		9D6785D84FA06A014510D6AC /* PBXContainerItemProxy */ = {
			isa = PBXContainerItemProxy;
			containerPortal = CB1DC318DA2A6F4EA9188A32 /* Project object */;
			proxyType = 1;
			remoteGlobalIDString = A040F3A9517985C1D9D36CAA;
			remoteInfo = Core;
		};
		CB28C9045FE7B84EFC2C2E52 /* PBXContainerItemProxy */ = {
			isa = PBXContainerItemProxy;
			containerPortal = CB1DC318DA2A6F4EA9188A32 /* Project object */;
			proxyType = 1;
			remoteGlobalIDString = CB73708DDEDB116EC2717AFA;
			remoteInfo = Domain;
		};
		F21F3BE7C00E530E9E9DF94C /* PBXContainerItemProxy */ = {
			isa = PBXContainerItemProxy;
			containerPortal = CB1DC318DA2A6F4EA9188A32 /* Project object */;
			proxyType = 1;
			remoteGlobalIDString = A040F3A9517985C1D9D36CAA;
			remoteInfo = Core;
		};
/* End PBXContainerItemProxy section */

/* Begin PBXCopyFilesBuildPhase section */
		FAFB6210995A9FD21862EF40 /* Embed Frameworks */ = {
			isa = PBXCopyFilesBuildPhase;
			buildActionMask = 2147483647;
			dstPath = "";
			dstSubfolderSpec = 10;
			files = (
				40E66E412EB5CF191BA0EFE7 /* Core.framework in Embed Frameworks */,
				C763997D2D9629DAD864088B /* Domain.framework in Embed Frameworks */,
				BA8FAB9FF5231E19CE08AF36 /* Data.framework in Embed Frameworks */,
			);
			name = "Embed Frameworks";
			runOnlyForDeploymentPostprocessing = 0;
		};
/* End PBXCopyFilesBuildPhase section */

/* Begin PBXFileReference section */
		0F801EEC6B0C7A90030720B3 /* CurrencyFormatter.swift */ = {isa = PBXFileReference; lastKnownFileType = sourcecode.swift; path = CurrencyFormatter.swift; sourceTree = "<group>"; };
		11BC0FC062734E9E636643AF /* TransactionDateSection.swift */ = {isa = PBXFileReference; lastKnownFileType = sourcecode.swift; path = TransactionDateSection.swift; sourceTree = "<group>"; };
		129406C2CBE09D689635F154 /* LocalTransactionRepositoryProtocol.swift */ = {isa = PBXFileReference; lastKnownFileType = sourcecode.swift; path = LocalTransactionRepositoryProtocol.swift; sourceTree = "<group>"; };
		12E8510F0892F7F1CDDD90BC /* TransactionRepositoryImpl.swift */ = {isa = PBXFileReference; lastKnownFileType = sourcecode.swift; path = TransactionRepositoryImpl.swift; sourceTree = "<group>"; };
		17D2B1177F147475F73D9E21 /* AddTransactionRequest.swift */ = {isa = PBXFileReference; lastKnownFileType = sourcecode.swift; path = AddTransactionRequest.swift; sourceTree = "<group>"; };
		17FF4D41D30C84F0B6579060 /* CalculatorView.swift */ = {isa = PBXFileReference; lastKnownFileType = sourcecode.swift; path = CalculatorView.swift; sourceTree = "<group>"; };
		1AB692BA94258FB20B79FB74 /* Info.plist */ = {isa = PBXFileReference; lastKnownFileType = text.plist; path = Info.plist; sourceTree = "<group>"; };
		1C7FA40FE5842F7D3A082E41 /* NetworkError.swift */ = {isa = PBXFileReference; lastKnownFileType = sourcecode.swift; path = NetworkError.swift; sourceTree = "<group>"; };
		1D763A49BF1781B1720CD8F6 /* GetTotalSpendingUseCase.swift */ = {isa = PBXFileReference; lastKnownFileType = sourcecode.swift; path = GetTotalSpendingUseCase.swift; sourceTree = "<group>"; };
		20F0EBB436012B473FBF812B /* AutoFocusKeyboard.swift */ = {isa = PBXFileReference; lastKnownFileType = sourcecode.swift; path = AutoFocusKeyboard.swift; sourceTree = "<group>"; };
		2905F78354DF39757CEBAA7B /* Domain.framework */ = {isa = PBXFileReference; explicitFileType = wrapper.framework; includeInIndex = 0; path = Domain.framework; sourceTree = BUILT_PRODUCTS_DIR; };
		2D49EA42B28F059365184000 /* EmptyView.swift */ = {isa = PBXFileReference; lastKnownFileType = sourcecode.swift; path = EmptyView.swift; sourceTree = "<group>"; };
		30781D34E40FEDF1B0019E79 /* RecentTransactionList.swift */ = {isa = PBXFileReference; lastKnownFileType = sourcecode.swift; path = RecentTransactionList.swift; sourceTree = "<group>"; };
		35CA8FB30F99D0CB926645F5 /* ReportCategoryList.swift */ = {isa = PBXFileReference; lastKnownFileType = sourcecode.swift; path = ReportCategoryList.swift; sourceTree = "<group>"; };
		37C58A93418A8544BC3DCDEE /* TransactionListView.swift */ = {isa = PBXFileReference; lastKnownFileType = sourcecode.swift; path = TransactionListView.swift; sourceTree = "<group>"; };
		3857BADB13D82851AE4EA0E6 /* LaunchScreen.storyboard */ = {isa = PBXFileReference; lastKnownFileType = file.storyboard; path = LaunchScreen.storyboard; sourceTree = "<group>"; };
		3EC5D4214B46096C7D245FFF /* Core.framework */ = {isa = PBXFileReference; explicitFileType = wrapper.framework; includeInIndex = 0; path = Core.framework; sourceTree = BUILT_PRODUCTS_DIR; };
		3F81A20E95B59CA5090F9601 /* TransactionDTO.swift */ = {isa = PBXFileReference; lastKnownFileType = sourcecode.swift; path = TransactionDTO.swift; sourceTree = "<group>"; };
		42DC888B3C9B9E7E0E57C039 /* TransactionQuery.swift */ = {isa = PBXFileReference; lastKnownFileType = sourcecode.swift; path = TransactionQuery.swift; sourceTree = "<group>"; };
		460203219C2B22865645CF16 /* CategoryAnalytics.swift */ = {isa = PBXFileReference; lastKnownFileType = sourcecode.swift; path = CategoryAnalytics.swift; sourceTree = "<group>"; };
		460B0D1441D3B0D965783C26 /* GetTransactionsByPeriodUseCase.swift */ = {isa = PBXFileReference; lastKnownFileType = sourcecode.swift; path = GetTransactionsByPeriodUseCase.swift; sourceTree = "<group>"; };
		470BF1926F838A42575EC3B6 /* CategoryEntity+Mapper.swift */ = {isa = PBXFileReference; lastKnownFileType = sourcecode.swift; path = "CategoryEntity+Mapper.swift"; sourceTree = "<group>"; };
		5056D19EC0C7F7B76FAB19DB /* MainTabView.swift */ = {isa = PBXFileReference; lastKnownFileType = sourcecode.swift; path = MainTabView.swift; sourceTree = "<group>"; };
		51BC2962D413A363669186DC /* TransactionCardView.swift */ = {isa = PBXFileReference; lastKnownFileType = sourcecode.swift; path = TransactionCardView.swift; sourceTree = "<group>"; };
		51BD8BA610EB29B44E4F6539 /* CoreDataStack.swift */ = {isa = PBXFileReference; lastKnownFileType = sourcecode.swift; path = CoreDataStack.swift; sourceTree = "<group>"; };
		5494DA622E77A50A00782E86 /* BudgetListView.swift */ = {isa = PBXFileReference; lastKnownFileType = sourcecode.swift; path = BudgetListView.swift; sourceTree = "<group>"; };
		5494DA642E77B38C00782E86 /* CutomTabBar.swift */ = {isa = PBXFileReference; lastKnownFileType = sourcecode.swift; path = CutomTabBar.swift; sourceTree = "<group>"; };
		5494DA662E77BC7100782E86 /* AddTransactionCoordinator.swift */ = {isa = PBXFileReference; lastKnownFileType = sourcecode.swift; path = AddTransactionCoordinator.swift; sourceTree = "<group>"; };
		549B64F22E61823E00DEF8F6 /* BudgetView.swift */ = {isa = PBXFileReference; lastKnownFileType = sourcecode.swift; path = BudgetView.swift; sourceTree = "<group>"; };
		549B64F42E619D2700DEF8F6 /* BudgetCardView.swift */ = {isa = PBXFileReference; lastKnownFileType = sourcecode.swift; path = BudgetCardView.swift; sourceTree = "<group>"; };
		549B64F62E619D3A00DEF8F6 /* AddBudgetView.swift */ = {isa = PBXFileReference; lastKnownFileType = sourcecode.swift; path = AddBudgetView.swift; sourceTree = "<group>"; };
		549B64F82E619E3800DEF8F6 /* BudgetCasha.swift */ = {isa = PBXFileReference; lastKnownFileType = sourcecode.swift; path = BudgetCasha.swift; sourceTree = "<group>"; };
		549B64FC2E6814FD00DEF8F6 /* BudgetRemoteDataSourceImpl.swift */ = {isa = PBXFileReference; lastKnownFileType = sourcecode.swift; path = BudgetRemoteDataSourceImpl.swift; sourceTree = "<group>"; };
		549B65022E68164A00DEF8F6 /* BudgetDTO.swift */ = {isa = PBXFileReference; lastKnownFileType = sourcecode.swift; path = BudgetDTO.swift; sourceTree = "<group>"; };
		549B65062E681C1C00DEF8F6 /* CategoryDTO.swift */ = {isa = PBXFileReference; lastKnownFileType = sourcecode.swift; path = CategoryDTO.swift; sourceTree = "<group>"; };
		549B65082E68204100DEF8F6 /* RemoteBudgetRepositoryProtocol.swift */ = {isa = PBXFileReference; lastKnownFileType = sourcecode.swift; path = RemoteBudgetRepositoryProtocol.swift; sourceTree = "<group>"; };
		549B650D2E68227F00DEF8F6 /* GetBudgetsUseCase.swift */ = {isa = PBXFileReference; lastKnownFileType = sourcecode.swift; path = GetBudgetsUseCase.swift; sourceTree = "<group>"; };
		549B650F2E68277200DEF8F6 /* BudgetState.swift */ = {isa = PBXFileReference; lastKnownFileType = sourcecode.swift; path = BudgetState.swift; sourceTree = "<group>"; };
		549B65152E68357600DEF8F6 /* AddBudgetUseCase.swift */ = {isa = PBXFileReference; lastKnownFileType = sourcecode.swift; path = AddBudgetUseCase.swift; sourceTree = "<group>"; };
		549B65172E69193400DEF8F6 /* SnackbarView.swift */ = {isa = PBXFileReference; lastKnownFileType = sourcecode.swift; path = SnackbarView.swift; sourceTree = "<group>"; };
		549B651D2E69385100DEF8F6 /* NewBudgetReq.swift */ = {isa = PBXFileReference; lastKnownFileType = sourcecode.swift; path = NewBudgetReq.swift; sourceTree = "<group>"; };
		549B651F2E69387F00DEF8F6 /* BudgetSummary.swift */ = {isa = PBXFileReference; lastKnownFileType = sourcecode.swift; path = BudgetSummary.swift; sourceTree = "<group>"; };
		549B65212E693AC000DEF8F6 /* BaseResponse.swift */ = {isa = PBXFileReference; lastKnownFileType = sourcecode.swift; path = BaseResponse.swift; sourceTree = "<group>"; };
		549B65232E693B0000DEF8F6 /* BudgetSumarryDTO.swift */ = {isa = PBXFileReference; lastKnownFileType = sourcecode.swift; path = BudgetSumarryDTO.swift; sourceTree = "<group>"; };
		549B65252E693DA600DEF8F6 /* GetTotalSummaryBudgetUseCase.swift */ = {isa = PBXFileReference; lastKnownFileType = sourcecode.swift; path = GetTotalSummaryBudgetUseCase.swift; sourceTree = "<group>"; };
		549B65282E6974D000DEF8F6 /* GetProfileUseCase.swift */ = {isa = PBXFileReference; lastKnownFileType = sourcecode.swift; path = GetProfileUseCase.swift; sourceTree = "<group>"; };
		549B652A2E69750200DEF8F6 /* RemoteAuthRepositoryProtocol.swift */ = {isa = PBXFileReference; lastKnownFileType = sourcecode.swift; path = RemoteAuthRepositoryProtocol.swift; sourceTree = "<group>"; };
		549B652D2E69754C00DEF8F6 /* UserCasha.swift */ = {isa = PBXFileReference; lastKnownFileType = sourcecode.swift; path = UserCasha.swift; sourceTree = "<group>"; };
		549B65312E69765A00DEF8F6 /* AuthRemoteDataSourceImpl.swift */ = {isa = PBXFileReference; lastKnownFileType = sourcecode.swift; path = AuthRemoteDataSourceImpl.swift; sourceTree = "<group>"; };
		549B65342E69771700DEF8F6 /* ProfileDTO.swift */ = {isa = PBXFileReference; lastKnownFileType = sourcecode.swift; path = ProfileDTO.swift; sourceTree = "<group>"; };
		549B65362E69780200DEF8F6 /* ProfileState.swift */ = {isa = PBXFileReference; lastKnownFileType = sourcecode.swift; path = ProfileState.swift; sourceTree = "<group>"; };
		549B65382E6982C800DEF8F6 /* DepedencyContainer.swift */ = {isa = PBXFileReference; lastKnownFileType = sourcecode.swift; path = DepedencyContainer.swift; sourceTree = "<group>"; };
		549B653A2E69831500DEF8F6 /* EnvironmentKeys.swift */ = {isa = PBXFileReference; lastKnownFileType = sourcecode.swift; path = EnvironmentKeys.swift; sourceTree = "<group>"; };
		549B653C2E69835800DEF8F6 /* AppConfig.swift */ = {isa = PBXFileReference; lastKnownFileType = sourcecode.swift; path = AppConfig.swift; sourceTree = "<group>"; };
		549B653E2E69838F00DEF8F6 /* DebugTools.swift */ = {isa = PBXFileReference; lastKnownFileType = sourcecode.swift; path = DebugTools.swift; sourceTree = "<group>"; };
		549B65402E6A9EFF00DEF8F6 /* AddTransactionView.swift */ = {isa = PBXFileReference; lastKnownFileType = sourcecode.swift; path = AddTransactionView.swift; sourceTree = "<group>"; };
		549B65422E6AA0CF00DEF8F6 /* AddTransactionLocalUseCase.swift */ = {isa = PBXFileReference; lastKnownFileType = sourcecode.swift; path = AddTransactionLocalUseCase.swift; sourceTree = "<group>"; };
		549B65442E6AC4F600DEF8F6 /* SyncBadgeView.swift */ = {isa = PBXFileReference; lastKnownFileType = sourcecode.swift; path = SyncBadgeView.swift; sourceTree = "<group>"; };
		549B65462E6AC50500DEF8F6 /* SyncFloatingButton.swift */ = {isa = PBXFileReference; lastKnownFileType = sourcecode.swift; path = SyncFloatingButton.swift; sourceTree = "<group>"; };
		549B65482E6ACA6D00DEF8F6 /* NetworkMonitor.swift */ = {isa = PBXFileReference; lastKnownFileType = sourcecode.swift; path = NetworkMonitor.swift; sourceTree = "<group>"; };
		549B654A2E6B181C00DEF8F6 /* SyncBanner.swift */ = {isa = PBXFileReference; lastKnownFileType = sourcecode.swift; path = SyncBanner.swift; sourceTree = "<group>"; };
		549B654C2E6B4B8B00DEF8F6 /* BudgetSummaryView.swift */ = {isa = PBXFileReference; lastKnownFileType = sourcecode.swift; path = BudgetSummaryView.swift; sourceTree = "<group>"; };
		549B654F2E6C033300DEF8F6 /* LoginView.swift */ = {isa = PBXFileReference; lastKnownFileType = sourcecode.swift; path = LoginView.swift; sourceTree = "<group>"; };
		549B65512E6C033B00DEF8F6 /* LoginState.swift */ = {isa = PBXFileReference; lastKnownFileType = sourcecode.swift; path = LoginState.swift; sourceTree = "<group>"; };
		549B65532E6C04C500DEF8F6 /* LoginDTO.swift */ = {isa = PBXFileReference; lastKnownFileType = sourcecode.swift; path = LoginDTO.swift; sourceTree = "<group>"; };
		549B65552E6C09B200DEF8F6 /* LoginUseCase.swift */ = {isa = PBXFileReference; lastKnownFileType = sourcecode.swift; path = LoginUseCase.swift; sourceTree = "<group>"; };
		549B65582E6C113F00DEF8F6 /* AuthManager.swift */ = {isa = PBXFileReference; lastKnownFileType = sourcecode.swift; path = AuthManager.swift; sourceTree = "<group>"; };
		549B655A2E6E7DAD00DEF8F6 /* RegisterView.swift */ = {isa = PBXFileReference; lastKnownFileType = sourcecode.swift; path = RegisterView.swift; sourceTree = "<group>"; };
		549B655C2E6E7DB600DEF8F6 /* RegisterState.swift */ = {isa = PBXFileReference; lastKnownFileType = sourcecode.swift; path = RegisterState.swift; sourceTree = "<group>"; };
		549B655E2E6E82A000DEF8F6 /* RegisterUseCase.swift */ = {isa = PBXFileReference; lastKnownFileType = sourcecode.swift; path = RegisterUseCase.swift; sourceTree = "<group>"; };
		549B65632E6FB94F00DEF8F6 /* GetUnsyncTransactionCountUseCase.swift */ = {isa = PBXFileReference; lastKnownFileType = sourcecode.swift; path = GetUnsyncTransactionCountUseCase.swift; sourceTree = "<group>"; };
		549B65652E6FD7DA00DEF8F6 /* DeleteAllLocalDataUseCase.swift */ = {isa = PBXFileReference; lastKnownFileType = sourcecode.swift; path = DeleteAllLocalDataUseCase.swift; sourceTree = "<group>"; };
		549B65672E701D1900DEF8F6 /* BudgetFilterBar.swift */ = {isa = PBXFileReference; lastKnownFileType = sourcecode.swift; path = BudgetFilterBar.swift; sourceTree = "<group>"; };
		549B65692E7108C400DEF8F6 /* ToastView.swift */ = {isa = PBXFileReference; lastKnownFileType = sourcecode.swift; path = ToastView.swift; sourceTree = "<group>"; };
		549B656B2E71559F00DEF8F6 /* ProfileEditView.swift */ = {isa = PBXFileReference; lastKnownFileType = sourcecode.swift; path = ProfileEditView.swift; sourceTree = "<group>"; };
		549B656D2E71582200DEF8F6 /* UpdateProfileRequest.swift */ = {isa = PBXFileReference; lastKnownFileType = sourcecode.swift; path = UpdateProfileRequest.swift; sourceTree = "<group>"; };
		549B656F2E71587500DEF8F6 /* UpdateProfileUseCase.swift */ = {isa = PBXFileReference; lastKnownFileType = sourcecode.swift; path = UpdateProfileUseCase.swift; sourceTree = "<group>"; };
		549B65712E72640700DEF8F6 /* TransactionDetailView.swift */ = {isa = PBXFileReference; lastKnownFileType = sourcecode.swift; path = TransactionDetailView.swift; sourceTree = "<group>"; };
		549B65732E72655500DEF8F6 /* TransactionEditView.swift */ = {isa = PBXFileReference; lastKnownFileType = sourcecode.swift; path = TransactionEditView.swift; sourceTree = "<group>"; };
		549B65752E72883000DEF8F6 /* UpdateTransactionRequest.swift */ = {isa = PBXFileReference; lastKnownFileType = sourcecode.swift; path = UpdateTransactionRequest.swift; sourceTree = "<group>"; };
		549B65772E72896500DEF8F6 /* DeleteDTO.swift */ = {isa = PBXFileReference; lastKnownFileType = sourcecode.swift; path = DeleteDTO.swift; sourceTree = "<group>"; };
		549B657C2E72BDA800DEF8F6 /* GetTransactionbyCategory.swift */ = {isa = PBXFileReference; lastKnownFileType = sourcecode.swift; path = GetTransactionbyCategory.swift; sourceTree = "<group>"; };
		549B657E2E72C13300DEF8F6 /* TransactionListByCategoryView.swift */ = {isa = PBXFileReference; lastKnownFileType = sourcecode.swift; path = TransactionListByCategoryView.swift; sourceTree = "<group>"; };
		549B65802E73B27B00DEF8F6 /* LoadingShimmerView.swift */ = {isa = PBXFileReference; lastKnownFileType = sourcecode.swift; path = LoadingShimmerView.swift; sourceTree = "<group>"; };
		549B65822E73B73100DEF8F6 /* TransactionRow.swift */ = {isa = PBXFileReference; lastKnownFileType = sourcecode.swift; path = TransactionRow.swift; sourceTree = "<group>"; };
		571BDFC5B6D8AC0EA35814B2 /* GetRecentTransactionsUseCase.swift */ = {isa = PBXFileReference; lastKnownFileType = sourcecode.swift; path = GetRecentTransactionsUseCase.swift; sourceTree = "<group>"; };
		5BC10A9EBF4A765B06804F7D /* NetworkClient.swift */ = {isa = PBXFileReference; lastKnownFileType = sourcecode.swift; path = NetworkClient.swift; sourceTree = "<group>"; };
		5C3E6FFEC0A3FE67E6D02DB1 /* MassageFormInput.swift */ = {isa = PBXFileReference; lastKnownFileType = sourcecode.swift; path = MassageFormInput.swift; sourceTree = "<group>"; };
		5CAF7DB318C648AA19A181F3 /* ImagePickerCoordinator.swift */ = {isa = PBXFileReference; lastKnownFileType = sourcecode.swift; path = ImagePickerCoordinator.swift; sourceTree = "<group>"; };
		5CFCCB1B76A2A0E7DCC2B386 /* ReportPeriod.swift */ = {isa = PBXFileReference; lastKnownFileType = sourcecode.swift; path = ReportPeriod.swift; sourceTree = "<group>"; };
		5E602EDB1CABF093317E9D06 /* TransactionEntity.swift */ = {isa = PBXFileReference; lastKnownFileType = sourcecode.swift; path = TransactionEntity.swift; sourceTree = "<group>"; };
		64E08EC12DBEDADF9340BCD6 /* TransactionCasha.swift */ = {isa = PBXFileReference; lastKnownFileType = sourcecode.swift; path = TransactionCasha.swift; sourceTree = "<group>"; };
		650F06C995A36AF03739D2DE /* SplashScreen.swift */ = {isa = PBXFileReference; lastKnownFileType = sourcecode.swift; path = SplashScreen.swift; sourceTree = "<group>"; };
		6BAD414E0EE7CA9B3B45E9F7 /* DashboardView.swift */ = {isa = PBXFileReference; lastKnownFileType = sourcecode.swift; path = DashboardView.swift; sourceTree = "<group>"; };
		702C908CDFE1FBF399200AD9 /* ImagePickerServiceProtocol.swift */ = {isa = PBXFileReference; lastKnownFileType = sourcecode.swift; path = ImagePickerServiceProtocol.swift; sourceTree = "<group>"; };
		70EBBA23A0321BDA39B056AA /* ChartCategorySpending.swift */ = {isa = PBXFileReference; lastKnownFileType = sourcecode.swift; path = ChartCategorySpending.swift; sourceTree = "<group>"; };
		72DF5E101038B0811386468C /* SearchTransactionsUseCase.swift */ = {isa = PBXFileReference; lastKnownFileType = sourcecode.swift; path = SearchTransactionsUseCase.swift; sourceTree = "<group>"; };
		7348ACC71A5459E683A00D00 /* Info.plist */ = {isa = PBXFileReference; lastKnownFileType = text.plist; path = Info.plist; sourceTree = "<group>"; };
		7A6B69B9E22FECC5F4A591EC /* KeyboardHelper.swift */ = {isa = PBXFileReference; lastKnownFileType = sourcecode.swift; path = KeyboardHelper.swift; sourceTree = "<group>"; };
		7B5C6BB93EAA4CA049C23734 /* ReportChartView.swift */ = {isa = PBXFileReference; lastKnownFileType = sourcecode.swift; path = ReportChartView.swift; sourceTree = "<group>"; };
		7C9D7C842BBBAD9813C73C36 /* ImagePickerService.swift */ = {isa = PBXFileReference; lastKnownFileType = sourcecode.swift; path = ImagePickerService.swift; sourceTree = "<group>"; };
		7E8028FEAC89836B6AA99B85 /* APIClient.swift */ = {isa = PBXFileReference; lastKnownFileType = sourcecode.swift; path = APIClient.swift; sourceTree = "<group>"; };
		8522456D1E97F746BCED9EC0 /* VisualEfffect.swift */ = {isa = PBXFileReference; lastKnownFileType = sourcecode.swift; path = VisualEfffect.swift; sourceTree = "<group>"; };
		85EF5696C65F59F44DB07C08 /* ImagePicker.swift */ = {isa = PBXFileReference; lastKnownFileType = sourcecode.swift; path = ImagePicker.swift; sourceTree = "<group>"; };
		878E1DCFD8BD17371400B811 /* GetTransactionsUseCase.swift */ = {isa = PBXFileReference; lastKnownFileType = sourcecode.swift; path = GetTransactionsUseCase.swift; sourceTree = "<group>"; };
		88D17F22F65F96E37D3DD311 /* CategoryRepositoryImpl.swift */ = {isa = PBXFileReference; lastKnownFileType = sourcecode.swift; path = CategoryRepositoryImpl.swift; sourceTree = "<group>"; };
		8BA12C3BBD91B2690CA6AD7E /* TransactionAnalytics.swift */ = {isa = PBXFileReference; lastKnownFileType = sourcecode.swift; path = TransactionAnalytics.swift; sourceTree = "<group>"; };
		90AD5DE806E00DCE2DE24B09 /* ReportCategoryPieChart.swift */ = {isa = PBXFileReference; lastKnownFileType = sourcecode.swift; path = ReportCategoryPieChart.swift; sourceTree = "<group>"; };
		928D425D4259C0B74FDC7421 /* TransactionPersistence.swift */ = {isa = PBXFileReference; lastKnownFileType = sourcecode.swift; path = TransactionPersistence.swift; sourceTree = "<group>"; };
		990C53FEEDCDB0B372DD62C8 /* LocalCategoryRepositoryProtocol.swift */ = {isa = PBXFileReference; lastKnownFileType = sourcecode.swift; path = LocalCategoryRepositoryProtocol.swift; sourceTree = "<group>"; };
		9B93EDF7D718B918DEECA62E /* ReportView.swift */ = {isa = PBXFileReference; lastKnownFileType = sourcecode.swift; path = ReportView.swift; sourceTree = "<group>"; };
		A08825F82E49B2DCA621E363 /* DateHelper.swift */ = {isa = PBXFileReference; lastKnownFileType = sourcecode.swift; path = DateHelper.swift; sourceTree = "<group>"; };
		A4B6CA09016D8E042A96C046 /* Validator.swift */ = {isa = PBXFileReference; lastKnownFileType = sourcecode.swift; path = Validator.swift; sourceTree = "<group>"; };
		A5E1D704E367B0916D91A95B /* ProfileView.swift */ = {isa = PBXFileReference; lastKnownFileType = sourcecode.swift; path = ProfileView.swift; sourceTree = "<group>"; };
		A822B5B36BC3E1FE96CBBFA6 /* CashaModel.xcdatamodel */ = {isa = PBXFileReference; lastKnownFileType = wrapper.xcdatamodel; path = CashaModel.xcdatamodel; sourceTree = "<group>"; };
		AD6814091040E7BC0D98C5C9 /* DashboardState.swift */ = {isa = PBXFileReference; lastKnownFileType = sourcecode.swift; path = DashboardState.swift; sourceTree = "<group>"; };
		B91E69FAA48341700FD4AF6B /* Info.plist */ = {isa = PBXFileReference; lastKnownFileType = text.plist; path = Info.plist; sourceTree = "<group>"; };
		BFDB0F3E4C8E3D6F56CADC03 /* CashaApp.app */ = {isa = PBXFileReference; explicitFileType = wrapper.application; includeInIndex = 0; path = CashaApp.app; sourceTree = BUILT_PRODUCTS_DIR; };
		C1B0D8B0F7C8216A23B38B60 /* TransactionSyncUseCase.swift */ = {isa = PBXFileReference; lastKnownFileType = sourcecode.swift; path = TransactionSyncUseCase.swift; sourceTree = "<group>"; };
		C325C8BF9D16506E10A51FC3 /* RemoteTransactionRepositoryProtocol.swift */ = {isa = PBXFileReference; lastKnownFileType = sourcecode.swift; path = RemoteTransactionRepositoryProtocol.swift; sourceTree = "<group>"; };
		C91C5E0DAB964010436375A5 /* Info.plist */ = {isa = PBXFileReference; lastKnownFileType = text.plist; path = Info.plist; sourceTree = "<group>"; };
		CA684ADA57BE48C163D3B156 /* TransactionEntity+Mapper.swift.swift */ = {isa = PBXFileReference; lastKnownFileType = sourcecode.swift; path = "TransactionEntity+Mapper.swift.swift"; sourceTree = "<group>"; };
		CC63E382014D3A1BD57D5166 /* SpendingReport.swift */ = {isa = PBXFileReference; lastKnownFileType = sourcecode.swift; path = SpendingReport.swift; sourceTree = "<group>"; };
		CD591FF7DB61B921BFF21CE2 /* GetSpendingReportUseCase.swift */ = {isa = PBXFileReference; lastKnownFileType = sourcecode.swift; path = GetSpendingReportUseCase.swift; sourceTree = "<group>"; };
		CDBA490E725E317DAEBD1CB0 /* CoreDataManager.swift */ = {isa = PBXFileReference; lastKnownFileType = sourcecode.swift; path = CoreDataManager.swift; sourceTree = "<group>"; };
		D9A092D37960230010E7D62D /* Endpoint.swift */ = {isa = PBXFileReference; lastKnownFileType = sourcecode.swift; path = Endpoint.swift; sourceTree = "<group>"; };
		DA195ABA222D4B98C6AA1F7C /* TransactionRemoteDataSourceImpl.swift */ = {isa = PBXFileReference; lastKnownFileType = sourcecode.swift; path = TransactionRemoteDataSourceImpl.swift; sourceTree = "<group>"; };
		DC53FA81E68B7C735D31651A /* TransactionFilterBar.swift */ = {isa = PBXFileReference; lastKnownFileType = sourcecode.swift; path = TransactionFilterBar.swift; sourceTree = "<group>"; };
		E2C5C2934169EB3E1CD3A815 /* CardBalanceView.swift */ = {isa = PBXFileReference; lastKnownFileType = sourcecode.swift; path = CardBalanceView.swift; sourceTree = "<group>"; };
		E34A6957411D4901FA0F988A /* CoreTests-Info.plist */ = {isa = PBXFileReference; lastKnownFileType = text.plist; path = "CoreTests-Info.plist"; sourceTree = "<group>"; };
		E4AE8EA15BAC1D8BBDF4F731 /* Assets.xcassets */ = {isa = PBXFileReference; lastKnownFileType = folder.assetcatalog; path = Assets.xcassets; sourceTree = "<group>"; };
		EEC0996241464FF8BD6ED1FE /* CashApp.swift */ = {isa = PBXFileReference; lastKnownFileType = sourcecode.swift; path = CashApp.swift; sourceTree = "<group>"; };
		EFC8ED3D11C8CBFD6B5784A7 /* Data.framework */ = {isa = PBXFileReference; explicitFileType = wrapper.framework; includeInIndex = 0; path = Data.framework; sourceTree = BUILT_PRODUCTS_DIR; };
		EFCF73D968E57E861B39B825 /* ReportState.swift */ = {isa = PBXFileReference; lastKnownFileType = sourcecode.swift; path = ReportState.swift; sourceTree = "<group>"; };
		F1DE5220BF61F5392240CE3D /* TransactionListState.swift */ = {isa = PBXFileReference; lastKnownFileType = sourcecode.swift; path = TransactionListState.swift; sourceTree = "<group>"; };
		F22F2A9E4C6744DF43F85AAA /* Colors.swift */ = {isa = PBXFileReference; lastKnownFileType = sourcecode.swift; path = Colors.swift; sourceTree = "<group>"; };
		F8116375BA4FCFF7CCCDD120 /* CategoryCasha.swift */ = {isa = PBXFileReference; lastKnownFileType = sourcecode.swift; path = CategoryCasha.swift; sourceTree = "<group>"; };
		F924F3D1C46578CC32C7FC8B /* GetCategorySpendingUseCase.swift */ = {isa = PBXFileReference; lastKnownFileType = sourcecode.swift; path = GetCategorySpendingUseCase.swift; sourceTree = "<group>"; };
		FD06A3A543F891F7D822A839 /* SearchView.swift */ = {isa = PBXFileReference; lastKnownFileType = sourcecode.swift; path = SearchView.swift; sourceTree = "<group>"; };
		FF354627DC73E1E25D1F4370 /* CategoryEntity.swift */ = {isa = PBXFileReference; lastKnownFileType = sourcecode.swift; path = CategoryEntity.swift; sourceTree = "<group>"; };
/* End PBXFileReference section */

/* Begin PBXFrameworksBuildPhase section */
		351333FFFFCD78272E900071 /* Frameworks */ = {
			isa = PBXFrameworksBuildPhase;
			buildActionMask = 2147483647;
			files = (
				22EEA9E56EF7D31446077322 /* Domain.framework in Frameworks */,
				29A4CAD4E38263817DACCF42 /* Core.framework in Frameworks */,
			);
			runOnlyForDeploymentPostprocessing = 0;
		};
		BD777486EE5178C871864DD3 /* Frameworks */ = {
			isa = PBXFrameworksBuildPhase;
			buildActionMask = 2147483647;
			files = (
				0A32F8846202C48102A876CD /* Core.framework in Frameworks */,
				8E55D6E1525B9730F4ABA305 /* Domain.framework in Frameworks */,
				03E35CFDE8E5F7FC86AE5A57 /* Data.framework in Frameworks */,
				390ED24C4E59D0E4E230E4E4 /* Algorithms in Frameworks */,
			);
			runOnlyForDeploymentPostprocessing = 0;
		};
		F9AB25E1F5553C006A9B0584 /* Frameworks */ = {
			isa = PBXFrameworksBuildPhase;
			buildActionMask = 2147483647;
			files = (
				2B0027BB831D0C75E27D8AAA /* Alamofire in Frameworks */,
			);
			runOnlyForDeploymentPostprocessing = 0;
		};
/* End PBXFrameworksBuildPhase section */

/* Begin PBXGroup section */
		026AF015B445E4630EE37EE7 /* Category */ = {
			isa = PBXGroup;
			children = (
				460203219C2B22865645CF16 /* CategoryAnalytics.swift */,
			);
			path = Category;
			sourceTree = "<group>";
		};
		077AB88773FCC8E4D1379C08 /* Entity */ = {
			isa = PBXGroup;
			children = (
				FF354627DC73E1E25D1F4370 /* CategoryEntity.swift */,
				5E602EDB1CABF093317E9D06 /* TransactionEntity.swift */,
			);
			path = Entity;
			sourceTree = "<group>";
		};
		102C7FE977EFF3B0462C8723 /* Core */ = {
			isa = PBXGroup;
			children = (
				E34A6957411D4901FA0F988A /* CoreTests-Info.plist */,
				7348ACC71A5459E683A00D00 /* Info.plist */,
				9F51EF39E2BCDFC12079C5FB /* sources */,
				A176DA6A38FFC002C12BE190 /* Utilities */,
			);
			path = Core;
			sourceTree = "<group>";
		};
		11E71D2C5465ED504B03D627 /* DTOs */ = {
			isa = PBXGroup;
			children = (
				549B65332E69771000DEF8F6 /* Auth */,
				549B65212E693AC000DEF8F6 /* BaseResponse.swift */,
				549B64FF2E6815D900DEF8F6 /* Budget */,
				549B64FE2E6815CB00DEF8F6 /* Transaction */,
			);
			path = DTOs;
			sourceTree = "<group>";
		};
		14255AECB70FA2E97F4F7800 /* Persistance */ = {
			isa = PBXGroup;
			children = (
				549B65572E6C113900DEF8F6 /* Auth */,
				95E233270D99B7CB4D3E719D /* CashaModel.xcdatamodeld */,
				CDBA490E725E317DAEBD1CB0 /* CoreDataManager.swift */,
				51BD8BA610EB29B44E4F6539 /* CoreDataStack.swift */,
				077AB88773FCC8E4D1379C08 /* Entity */,
				6537275A1E5C197327D61345 /* Mappers */,
			);
			path = Persistance;
			sourceTree = "<group>";
		};
		1A67374A41D7C4F0EC09693B /* ImagePicker */ = {
			isa = PBXGroup;
			children = (
				5CAF7DB318C648AA19A181F3 /* ImagePickerCoordinator.swift */,
				7C9D7C842BBBAD9813C73C36 /* ImagePickerService.swift */,
				702C908CDFE1FBF399200AD9 /* ImagePickerServiceProtocol.swift */,
			);
			path = ImagePicker;
			sourceTree = "<group>";
		};
		27CBEEC8DB652FD5E5C0CAA9 /* main */ = {
			isa = PBXGroup;
			children = (
				549B65732E72655500DEF8F6 /* TransactionEditView.swift */,
				549B65712E72640700DEF8F6 /* TransactionDetailView.swift */,
				37C58A93418A8544BC3DCDEE /* TransactionListView.swift */,
			);
			path = main;
			sourceTree = "<group>";
		};
		393CB48AE280BD9BE9A6213C /* Networking */ = {
			isa = PBXGroup;
			children = (
				549B65482E6ACA6D00DEF8F6 /* NetworkMonitor.swift */,
				7E8028FEAC89836B6AA99B85 /* APIClient.swift */,
				D9A092D37960230010E7D62D /* Endpoint.swift */,
				5BC10A9EBF4A765B06804F7D /* NetworkClient.swift */,
			);
			path = Networking;
			sourceTree = "<group>";
		};
		39C0FFE9ADD584DF87DB6F7C /* state */ = {
			isa = PBXGroup;
			children = (
				F1DE5220BF61F5392240CE3D /* TransactionListState.swift */,
			);
			path = state;
			sourceTree = "<group>";
		};
		3FB853C8B34744E8E25818AC /* UseCase */ = {
			isa = PBXGroup;
			children = (
				549B65272E6974C200DEF8F6 /* Auth */,
				549B650C2E6820B100DEF8F6 /* Budget */,
				549B650B2E6820AB00DEF8F6 /* Category */,
				549B650A2E6820A400DEF8F6 /* Transaction */,
			);
			path = UseCase;
			sourceTree = "<group>";
		};
		549B64EE2E61821500DEF8F6 /* Budget */ = {
			isa = PBXGroup;
			children = (
				549B64F12E61823600DEF8F6 /* subView */,
				549B64F02E61822E00DEF8F6 /* state */,
				549B64EF2E61822700DEF8F6 /* main */,
			);
			path = Budget;
			sourceTree = "<group>";
		};
		549B64EF2E61822700DEF8F6 /* main */ = {
			isa = PBXGroup;
			children = (
				549B64F62E619D3A00DEF8F6 /* AddBudgetView.swift */,
				549B64F22E61823E00DEF8F6 /* BudgetView.swift */,
			);
			path = main;
			sourceTree = "<group>";
		};
		549B64F02E61822E00DEF8F6 /* state */ = {
			isa = PBXGroup;
			children = (
				549B650F2E68277200DEF8F6 /* BudgetState.swift */,
			);
			path = state;
			sourceTree = "<group>";
		};
		549B64F12E61823600DEF8F6 /* subView */ = {
			isa = PBXGroup;
			children = (
				5494DA622E77A50A00782E86 /* BudgetListView.swift */,
				549B65672E701D1900DEF8F6 /* BudgetFilterBar.swift */,
				549B654C2E6B4B8B00DEF8F6 /* BudgetSummaryView.swift */,
				549B64F42E619D2700DEF8F6 /* BudgetCardView.swift */,
			);
			path = subView;
			sourceTree = "<group>";
		};
		549B64FE2E6815CB00DEF8F6 /* Transaction */ = {
			isa = PBXGroup;
			children = (
				549B65772E72896500DEF8F6 /* DeleteDTO.swift */,
				3F81A20E95B59CA5090F9601 /* TransactionDTO.swift */,
			);
			path = Transaction;
			sourceTree = "<group>";
		};
		549B64FF2E6815D900DEF8F6 /* Budget */ = {
			isa = PBXGroup;
			children = (
				549B65232E693B0000DEF8F6 /* BudgetSumarryDTO.swift */,
				549B65062E681C1C00DEF8F6 /* CategoryDTO.swift */,
				549B65022E68164A00DEF8F6 /* BudgetDTO.swift */,
			);
			path = Budget;
			sourceTree = "<group>";
		};
		549B650A2E6820A400DEF8F6 /* Transaction */ = {
			isa = PBXGroup;
			children = (
				549B657B2E728EA400DEF8F6 /* Remote */,
				549B657A2E728E9A00DEF8F6 /* Local */,
				549B65622E6FB6F400DEF8F6 /* Combined */,
			);
			path = Transaction;
			sourceTree = "<group>";
		};
		549B650B2E6820AB00DEF8F6 /* Category */ = {
			isa = PBXGroup;
			children = (
				549B657C2E72BDA800DEF8F6 /* GetTransactionbyCategory.swift */,
				F924F3D1C46578CC32C7FC8B /* GetCategorySpendingUseCase.swift */,
				CD591FF7DB61B921BFF21CE2 /* GetSpendingReportUseCase.swift */,
			);
			path = Category;
			sourceTree = "<group>";
		};
		549B650C2E6820B100DEF8F6 /* Budget */ = {
			isa = PBXGroup;
			children = (
				549B65252E693DA600DEF8F6 /* GetTotalSummaryBudgetUseCase.swift */,
				549B65152E68357600DEF8F6 /* AddBudgetUseCase.swift */,
				549B650D2E68227F00DEF8F6 /* GetBudgetsUseCase.swift */,
			);
			path = Budget;
			sourceTree = "<group>";
		};
		549B65112E682FF400DEF8F6 /* remote */ = {
			isa = PBXGroup;
			children = (
				549B652A2E69750200DEF8F6 /* RemoteAuthRepositoryProtocol.swift */,
				549B65082E68204100DEF8F6 /* RemoteBudgetRepositoryProtocol.swift */,
				C325C8BF9D16506E10A51FC3 /* RemoteTransactionRepositoryProtocol.swift */,
			);
			path = remote;
			sourceTree = "<group>";
		};
		549B65122E682FFE00DEF8F6 /* local */ = {
			isa = PBXGroup;
			children = (
				990C53FEEDCDB0B372DD62C8 /* LocalCategoryRepositoryProtocol.swift */,
				129406C2CBE09D689635F154 /* LocalTransactionRepositoryProtocol.swift */,
			);
			path = local;
			sourceTree = "<group>";
		};
		549B65192E6937C500DEF8F6 /* Budget */ = {
			isa = PBXGroup;
			children = (
				549B651F2E69387F00DEF8F6 /* BudgetSummary.swift */,
				549B64F82E619E3800DEF8F6 /* BudgetCasha.swift */,
				549B651D2E69385100DEF8F6 /* NewBudgetReq.swift */,
			);
			path = Budget;
			sourceTree = "<group>";
		};
		549B651A2E6937D400DEF8F6 /* Transaction */ = {
			isa = PBXGroup;
			children = (
				549B65752E72883000DEF8F6 /* UpdateTransactionRequest.swift */,
				64E08EC12DBEDADF9340BCD6 /* TransactionCasha.swift */,
				17D2B1177F147475F73D9E21 /* AddTransactionRequest.swift */,
			);
			path = Transaction;
			sourceTree = "<group>";
		};
		549B651B2E6937F600DEF8F6 /* Category */ = {
			isa = PBXGroup;
			children = (
				F8116375BA4FCFF7CCCDD120 /* CategoryCasha.swift */,
				11BC0FC062734E9E636643AF /* TransactionDateSection.swift */,
				70EBBA23A0321BDA39B056AA /* ChartCategorySpending.swift */,
			);
			path = Category;
			sourceTree = "<group>";
		};
		549B651C2E69381500DEF8F6 /* Report */ = {
			isa = PBXGroup;
			children = (
				5CFCCB1B76A2A0E7DCC2B386 /* ReportPeriod.swift */,
				CC63E382014D3A1BD57D5166 /* SpendingReport.swift */,
			);
			path = Report;
			sourceTree = "<group>";
		};
		549B65272E6974C200DEF8F6 /* Auth */ = {
			isa = PBXGroup;
			children = (
				549B656F2E71587500DEF8F6 /* UpdateProfileUseCase.swift */,
				549B65652E6FD7DA00DEF8F6 /* DeleteAllLocalDataUseCase.swift */,
				549B655E2E6E82A000DEF8F6 /* RegisterUseCase.swift */,
				549B65552E6C09B200DEF8F6 /* LoginUseCase.swift */,
				549B65282E6974D000DEF8F6 /* GetProfileUseCase.swift */,
			);
			path = Auth;
			sourceTree = "<group>";
		};
		549B652C2E69754500DEF8F6 /* Auth */ = {
			isa = PBXGroup;
			children = (
				549B656D2E71582200DEF8F6 /* UpdateProfileRequest.swift */,
				549B652D2E69754C00DEF8F6 /* UserCasha.swift */,
			);
			path = Auth;
			sourceTree = "<group>";
		};
		549B65332E69771000DEF8F6 /* Auth */ = {
			isa = PBXGroup;
			children = (
				549B65532E6C04C500DEF8F6 /* LoginDTO.swift */,
				549B65342E69771700DEF8F6 /* ProfileDTO.swift */,
			);
			path = Auth;
			sourceTree = "<group>";
		};
		549B654E2E6C032A00DEF8F6 /* Auth */ = {
			isa = PBXGroup;
			children = (
				549B655C2E6E7DB600DEF8F6 /* RegisterState.swift */,
				549B655A2E6E7DAD00DEF8F6 /* RegisterView.swift */,
				549B65512E6C033B00DEF8F6 /* LoginState.swift */,
				549B654F2E6C033300DEF8F6 /* LoginView.swift */,
			);
			path = Auth;
			sourceTree = "<group>";
		};
		549B65572E6C113900DEF8F6 /* Auth */ = {
			isa = PBXGroup;
			children = (
				549B65582E6C113F00DEF8F6 /* AuthManager.swift */,
			);
			path = Auth;
			sourceTree = "<group>";
		};
		549B65602E6FB66800DEF8F6 /* Repository */ = {
			isa = PBXGroup;
			children = (
				549B65612E6FB67200DEF8F6 /* Implementation */,
			);
			path = Repository;
			sourceTree = "<group>";
		};
		549B65612E6FB67200DEF8F6 /* Implementation */ = {
			isa = PBXGroup;
			children = (
				E881627E570859F57C1F2A45 /* Local */,
				7DB13684F2C22655CBC47FE9 /* Remote */,
			);
			path = Implementation;
			sourceTree = "<group>";
		};
		549B65622E6FB6F400DEF8F6 /* Combined */ = {
			isa = PBXGroup;
			children = (
				C1B0D8B0F7C8216A23B38B60 /* TransactionSyncUseCase.swift */,
			);
			path = Combined;
			sourceTree = "<group>";
		};
		549B657A2E728E9A00DEF8F6 /* Local */ = {
			isa = PBXGroup;
			children = (
				549B65632E6FB94F00DEF8F6 /* GetUnsyncTransactionCountUseCase.swift */,
				549B65422E6AA0CF00DEF8F6 /* AddTransactionLocalUseCase.swift */,
				460B0D1441D3B0D965783C26 /* GetTransactionsByPeriodUseCase.swift */,
				72DF5E101038B0811386468C /* SearchTransactionsUseCase.swift */,
				1D763A49BF1781B1720CD8F6 /* GetTotalSpendingUseCase.swift */,
				571BDFC5B6D8AC0EA35814B2 /* GetRecentTransactionsUseCase.swift */,
				878E1DCFD8BD17371400B811 /* GetTransactionsUseCase.swift */,
			);
			path = Local;
			sourceTree = "<group>";
		};
		549B657B2E728EA400DEF8F6 /* Remote */ = {
			isa = PBXGroup;
			children = (
			);
			path = Remote;
			sourceTree = "<group>";
		};
		61BCE8922609673F4AC8D8FD /* Domain */ = {
			isa = PBXGroup;
			children = (
				C91C5E0DAB964010436375A5 /* Info.plist */,
				C29134EDE0F0EE15F61DAA1E /* Model */,
				BA9EADFCD1BECF4B133DDA05 /* Repository */,
				3FB853C8B34744E8E25818AC /* UseCase */,
			);
			path = Domain;
			sourceTree = "<group>";
		};
		6537275A1E5C197327D61345 /* Mappers */ = {
			isa = PBXGroup;
			children = (
				470BF1926F838A42575EC3B6 /* CategoryEntity+Mapper.swift */,
				CA684ADA57BE48C163D3B156 /* TransactionEntity+Mapper.swift.swift */,
			);
			path = Mappers;
			sourceTree = "<group>";
		};
		68C8F44500C5356673D32279 /* main */ = {
			isa = PBXGroup;
			children = (
				549B65402E6A9EFF00DEF8F6 /* AddTransactionView.swift */,
				6BAD414E0EE7CA9B3B45E9F7 /* DashboardView.swift */,
			);
			path = main;
			sourceTree = "<group>";
		};
		70306184F7F7A465DA5FA82B /* subView */ = {
			isa = PBXGroup;
			children = (
				51BC2962D413A363669186DC /* TransactionCardView.swift */,
				DC53FA81E68B7C735D31651A /* TransactionFilterBar.swift */,
			);
			path = subView;
			sourceTree = "<group>";
		};
		7212616A616E951CAC6F705E /* App */ = {
			isa = PBXGroup;
			children = (
				5494DA662E77BC7100782E86 /* AddTransactionCoordinator.swift */,
				5494DA642E77B38C00782E86 /* CutomTabBar.swift */,
				549B654E2E6C032A00DEF8F6 /* Auth */,
				549B653E2E69838F00DEF8F6 /* DebugTools.swift */,
				549B653C2E69835800DEF8F6 /* AppConfig.swift */,
				549B653A2E69831500DEF8F6 /* EnvironmentKeys.swift */,
				549B65382E6982C800DEF8F6 /* DepedencyContainer.swift */,
				E4AE8EA15BAC1D8BBDF4F731 /* Assets.xcassets */,
				EEC0996241464FF8BD6ED1FE /* CashApp.swift */,
				1AB692BA94258FB20B79FB74 /* Info.plist */,
				3857BADB13D82851AE4EA0E6 /* LaunchScreen.storyboard */,
				5056D19EC0C7F7B76FAB19DB /* MainTabView.swift */,
				650F06C995A36AF03739D2DE /* SplashScreen.swift */,
				B57458D2C1D26DBE55856EC9 /* Tab */,
				8B531C290BD8977EBEF920A9 /* UI */,
			);
			path = App;
			sourceTree = "<group>";
		};
		7DB13684F2C22655CBC47FE9 /* Remote */ = {
			isa = PBXGroup;
			children = (
				549B65312E69765A00DEF8F6 /* AuthRemoteDataSourceImpl.swift */,
				549B64FC2E6814FD00DEF8F6 /* BudgetRemoteDataSourceImpl.swift */,
				DA195ABA222D4B98C6AA1F7C /* TransactionRemoteDataSourceImpl.swift */,
				11E71D2C5465ED504B03D627 /* DTOs */,
			);
			path = Remote;
			sourceTree = "<group>";
		};
		8AD8CCADD27CD478796E1401 /* Profile */ = {
			isa = PBXGroup;
			children = (
				549B656B2E71559F00DEF8F6 /* ProfileEditView.swift */,
				549B65362E69780200DEF8F6 /* ProfileState.swift */,
				A5E1D704E367B0916D91A95B /* ProfileView.swift */,
			);
			path = Profile;
			sourceTree = "<group>";
		};
		8B531C290BD8977EBEF920A9 /* UI */ = {
			isa = PBXGroup;
			children = (
				B400C39F1B591A82F19E3B5C /* Component */,
				B0AACE79C097333438AF20F1 /* Theme */,
			);
			path = UI;
			sourceTree = "<group>";
		};
		9F51EF39E2BCDFC12079C5FB /* sources */ = {
			isa = PBXGroup;
			children = (
				393CB48AE280BD9BE9A6213C /* Networking */,
				14255AECB70FA2E97F4F7800 /* Persistance */,
			);
			path = sources;
			sourceTree = "<group>";
		};
		A176DA6A38FFC002C12BE190 /* Utilities */ = {
			isa = PBXGroup;
			children = (
				0F801EEC6B0C7A90030720B3 /* CurrencyFormatter.swift */,
				A08825F82E49B2DCA621E363 /* DateHelper.swift */,
				1C7FA40FE5842F7D3A082E41 /* NetworkError.swift */,
				A4B6CA09016D8E042A96C046 /* Validator.swift */,
			);
			path = Utilities;
			sourceTree = "<group>";
		};
		AC3AA47541BBD3B9DA991B6A /* state */ = {
			isa = PBXGroup;
			children = (
				EFCF73D968E57E861B39B825 /* ReportState.swift */,
			);
			path = state;
			sourceTree = "<group>";
		};
		B0AACE79C097333438AF20F1 /* Theme */ = {
			isa = PBXGroup;
			children = (
				F22F2A9E4C6744DF43F85AAA /* Colors.swift */,
				7A6B69B9E22FECC5F4A591EC /* KeyboardHelper.swift */,
				8522456D1E97F746BCED9EC0 /* VisualEfffect.swift */,
			);
			path = Theme;
			sourceTree = "<group>";
		};
		B400C39F1B591A82F19E3B5C /* Component */ = {
			isa = PBXGroup;
			children = (
				549B65822E73B73100DEF8F6 /* TransactionRow.swift */,
				549B65802E73B27B00DEF8F6 /* LoadingShimmerView.swift */,
				549B65692E7108C400DEF8F6 /* ToastView.swift */,
				549B654A2E6B181C00DEF8F6 /* SyncBanner.swift */,
				549B65462E6AC50500DEF8F6 /* SyncFloatingButton.swift */,
				549B65442E6AC4F600DEF8F6 /* SyncBadgeView.swift */,
				549B65172E69193400DEF8F6 /* SnackbarView.swift */,
				20F0EBB436012B473FBF812B /* AutoFocusKeyboard.swift */,
				17FF4D41D30C84F0B6579060 /* CalculatorView.swift */,
				2D49EA42B28F059365184000 /* EmptyView.swift */,
				85EF5696C65F59F44DB07C08 /* ImagePicker.swift */,
				5C3E6FFEC0A3FE67E6D02DB1 /* MassageFormInput.swift */,
				FD06A3A543F891F7D822A839 /* SearchView.swift */,
				1A67374A41D7C4F0EC09693B /* ImagePicker */,
			);
			path = Component;
			sourceTree = "<group>";
		};
		B57458D2C1D26DBE55856EC9 /* Tab */ = {
			isa = PBXGroup;
			children = (
				549B64EE2E61821500DEF8F6 /* Budget */,
				FD37B1468DFB9EFA006C7D7B /* Dashboard */,
				C3BD038E777E0ECA20C3A812 /* Transactions */,
				8AD8CCADD27CD478796E1401 /* Profile */,
				BFEDB9E630FB816318C8A948 /* Report */,
			);
			path = Tab;
			sourceTree = "<group>";
		};
		B76E58C37D9538D7784E1777 /* Transaction */ = {
			isa = PBXGroup;
			children = (
				8BA12C3BBD91B2690CA6AD7E /* TransactionAnalytics.swift */,
				928D425D4259C0B74FDC7421 /* TransactionPersistence.swift */,
				42DC888B3C9B9E7E0E57C039 /* TransactionQuery.swift */,
			);
			path = Transaction;
			sourceTree = "<group>";
		};
		BA9EADFCD1BECF4B133DDA05 /* Repository */ = {
			isa = PBXGroup;
			children = (
				549B65122E682FFE00DEF8F6 /* local */,
				549B65112E682FF400DEF8F6 /* remote */,
			);
			path = Repository;
			sourceTree = "<group>";
		};
		BFEDB9E630FB816318C8A948 /* Report */ = {
			isa = PBXGroup;
			children = (
				DAE50BE8DBC22644AE22BFDC /* main */,
				AC3AA47541BBD3B9DA991B6A /* state */,
				ED5301E51A2814A12FA48063 /* subView */,
			);
			path = Report;
			sourceTree = "<group>";
		};
		C29134EDE0F0EE15F61DAA1E /* Model */ = {
			isa = PBXGroup;
			children = (
				549B652C2E69754500DEF8F6 /* Auth */,
				549B651C2E69381500DEF8F6 /* Report */,
				549B651B2E6937F600DEF8F6 /* Category */,
				549B651A2E6937D400DEF8F6 /* Transaction */,
				549B65192E6937C500DEF8F6 /* Budget */,
			);
			path = Model;
			sourceTree = "<group>";
		};
		C3BD038E777E0ECA20C3A812 /* Transactions */ = {
			isa = PBXGroup;
			children = (
				27CBEEC8DB652FD5E5C0CAA9 /* main */,
				39C0FFE9ADD584DF87DB6F7C /* state */,
				70306184F7F7A465DA5FA82B /* subView */,
			);
			path = Transactions;
			sourceTree = "<group>";
		};
		CB71BD028C84BD4F65AF5C60 /* Data */ = {
			isa = PBXGroup;
			children = (
				549B65602E6FB66800DEF8F6 /* Repository */,
				B91E69FAA48341700FD4AF6B /* Info.plist */,
			);
			path = Data;
			sourceTree = "<group>";
		};
		D2BE83737FB0E0BA5F76E10D /* Products */ = {
			isa = PBXGroup;
			children = (
				BFDB0F3E4C8E3D6F56CADC03 /* CashaApp.app */,
				3EC5D4214B46096C7D245FFF /* Core.framework */,
				EFC8ED3D11C8CBFD6B5784A7 /* Data.framework */,
				2905F78354DF39757CEBAA7B /* Domain.framework */,
			);
			name = Products;
			sourceTree = "<group>";
		};
		DAE50BE8DBC22644AE22BFDC /* main */ = {
			isa = PBXGroup;
			children = (
				549B657E2E72C13300DEF8F6 /* TransactionListByCategoryView.swift */,
				9B93EDF7D718B918DEECA62E /* ReportView.swift */,
			);
			path = main;
			sourceTree = "<group>";
		};
		DCCC6DC59BB56DBE03ECCF52 /* subView */ = {
			isa = PBXGroup;
			children = (
				E2C5C2934169EB3E1CD3A815 /* CardBalanceView.swift */,
				30781D34E40FEDF1B0019E79 /* RecentTransactionList.swift */,
				7B5C6BB93EAA4CA049C23734 /* ReportChartView.swift */,
			);
			path = subView;
			sourceTree = "<group>";
		};
		E881627E570859F57C1F2A45 /* Local */ = {
			isa = PBXGroup;
			children = (
				88D17F22F65F96E37D3DD311 /* CategoryRepositoryImpl.swift */,
				12E8510F0892F7F1CDDD90BC /* TransactionRepositoryImpl.swift */,
				026AF015B445E4630EE37EE7 /* Category */,
				B76E58C37D9538D7784E1777 /* Transaction */,
			);
			path = Local;
			sourceTree = "<group>";
		};
		ED5301E51A2814A12FA48063 /* subView */ = {
			isa = PBXGroup;
			children = (
				35CA8FB30F99D0CB926645F5 /* ReportCategoryList.swift */,
				90AD5DE806E00DCE2DE24B09 /* ReportCategoryPieChart.swift */,
			);
			path = subView;
			sourceTree = "<group>";
		};
		F9AF153314F258ECD9E67659 /* state */ = {
			isa = PBXGroup;
			children = (
				AD6814091040E7BC0D98C5C9 /* DashboardState.swift */,
			);
			path = state;
			sourceTree = "<group>";
		};
		FB648FCAE2D08BDEE187E508 = {
			isa = PBXGroup;
			children = (
				7212616A616E951CAC6F705E /* App */,
				102C7FE977EFF3B0462C8723 /* Core */,
				CB71BD028C84BD4F65AF5C60 /* Data */,
				61BCE8922609673F4AC8D8FD /* Domain */,
				D2BE83737FB0E0BA5F76E10D /* Products */,
			);
			sourceTree = "<group>";
		};
		FD37B1468DFB9EFA006C7D7B /* Dashboard */ = {
			isa = PBXGroup;
			children = (
				68C8F44500C5356673D32279 /* main */,
				F9AF153314F258ECD9E67659 /* state */,
				DCCC6DC59BB56DBE03ECCF52 /* subView */,
			);
			path = Dashboard;
			sourceTree = "<group>";
		};
/* End PBXGroup section */

/* Begin PBXNativeTarget section */
		60E62DF84A69A86610FCD643 /* Data */ = {
			isa = PBXNativeTarget;
			buildConfigurationList = 9C92C729FE1351C5EB83EB85 /* Build configuration list for PBXNativeTarget "Data" */;
			buildPhases = (
				C8D68D2094F0106694183F0F /* Sources */,
				351333FFFFCD78272E900071 /* Frameworks */,
			);
			buildRules = (
			);
			dependencies = (
				0D7D10EA09BDA1AD44E0AEB8 /* PBXTargetDependency */,
				D843E91FA98CD6928EB41B5E /* PBXTargetDependency */,
			);
			name = Data;
			packageProductDependencies = (
			);
			productName = Data;
			productReference = EFC8ED3D11C8CBFD6B5784A7 /* Data.framework */;
			productType = "com.apple.product-type.framework";
		};
		A040F3A9517985C1D9D36CAA /* Core */ = {
			isa = PBXNativeTarget;
			buildConfigurationList = C2AE0DE772707CDB0A53DA12 /* Build configuration list for PBXNativeTarget "Core" */;
			buildPhases = (
				5A4B8E8403520E285783A269 /* Sources */,
				4D28D342FE0D1C3FFD14E741 /* Resources */,
				F9AB25E1F5553C006A9B0584 /* Frameworks */,
			);
			buildRules = (
			);
			dependencies = (
			);
			name = Core;
			packageProductDependencies = (
				67BBF56E1E6BCAE25CA8F68F /* Alamofire */,
			);
			productName = Core;
			productReference = 3EC5D4214B46096C7D245FFF /* Core.framework */;
			productType = "com.apple.product-type.framework";
		};
		C5434857577DAFFB56F11760 /* CashaApp */ = {
			isa = PBXNativeTarget;
			buildConfigurationList = 0CE672E764D6480721914D79 /* Build configuration list for PBXNativeTarget "CashaApp" */;
			buildPhases = (
				6B027864032E1A3AEDD853B4 /* Sources */,
				E0F3FF51776B8A0691370A94 /* Resources */,
				BD777486EE5178C871864DD3 /* Frameworks */,
				FAFB6210995A9FD21862EF40 /* Embed Frameworks */,
			);
			buildRules = (
			);
			dependencies = (
				5AA946FEEC02E1A2F4F34AA8 /* PBXTargetDependency */,
				F95CB015C2B58D68A5339D3B /* PBXTargetDependency */,
				0545943D10013B51C721722B /* PBXTargetDependency */,
			);
			name = CashaApp;
			packageProductDependencies = (
				666B38822B03B22991473017 /* Algorithms */,
			);
			productName = CashaApp;
			productReference = BFDB0F3E4C8E3D6F56CADC03 /* CashaApp.app */;
			productType = "com.apple.product-type.application";
		};
		CB73708DDEDB116EC2717AFA /* Domain */ = {
			isa = PBXNativeTarget;
			buildConfigurationList = 740977B765B64516344D859C /* Build configuration list for PBXNativeTarget "Domain" */;
			buildPhases = (
				711C404485087C913857A18A /* Sources */,
			);
			buildRules = (
			);
			dependencies = (
			);
			name = Domain;
			packageProductDependencies = (
			);
			productName = Domain;
			productReference = 2905F78354DF39757CEBAA7B /* Domain.framework */;
			productType = "com.apple.product-type.framework";
		};
/* End PBXNativeTarget section */

/* Begin PBXProject section */
		CB1DC318DA2A6F4EA9188A32 /* Project object */ = {
			isa = PBXProject;
			attributes = {
				BuildIndependentTargetsInParallel = YES;
				LastUpgradeCheck = 1430;
			};
			buildConfigurationList = E7D9C3E4677D1F87EAB8CC59 /* Build configuration list for PBXProject "Casha" */;
			compatibilityVersion = "Xcode 14.0";
			developmentRegion = en;
			hasScannedForEncodings = 0;
			knownRegions = (
				Base,
				en,
			);
			mainGroup = FB648FCAE2D08BDEE187E508;
			minimizedProjectReferenceProxies = 1;
			packageReferences = (
				E31037C44FAB4E490480993D /* XCRemoteSwiftPackageReference "Alamofire" */,
				1611391E78DAA2C40F571413 /* XCRemoteSwiftPackageReference "swift-algorithms" */,
			);
			projectDirPath = "";
			projectRoot = "";
			targets = (
				C5434857577DAFFB56F11760 /* CashaApp */,
				A040F3A9517985C1D9D36CAA /* Core */,
				60E62DF84A69A86610FCD643 /* Data */,
				CB73708DDEDB116EC2717AFA /* Domain */,
			);
		};
/* End PBXProject section */

/* Begin PBXResourcesBuildPhase section */
		4D28D342FE0D1C3FFD14E741 /* Resources */ = {
			isa = PBXResourcesBuildPhase;
			buildActionMask = 2147483647;
			files = (
				41CAC89529614A2612667CE9 /* CoreTests-Info.plist in Resources */,
			);
			runOnlyForDeploymentPostprocessing = 0;
		};
		E0F3FF51776B8A0691370A94 /* Resources */ = {
			isa = PBXResourcesBuildPhase;
			buildActionMask = 2147483647;
			files = (
				F939BC5F39DEA03D159B631C /* Assets.xcassets in Resources */,
				109CE71244B13BA1E23F452D /* LaunchScreen.storyboard in Resources */,
			);
			runOnlyForDeploymentPostprocessing = 0;
		};
/* End PBXResourcesBuildPhase section */

/* Begin PBXSourcesBuildPhase section */
		5A4B8E8403520E285783A269 /* Sources */ = {
			isa = PBXSourcesBuildPhase;
			buildActionMask = 2147483647;
			files = (
				EEAB3BFB300D31B6BF49455E /* APIClient.swift in Sources */,
				679AFEB44F5E2E93EA2DE4AE /* CashaModel.xcdatamodeld in Sources */,
				5454CAA2457E2C296EC0586E /* CategoryEntity+Mapper.swift in Sources */,
				BFB69DE9348B9372D2987D17 /* CategoryEntity.swift in Sources */,
				8C262D6C7E393D07FC727960 /* CoreDataManager.swift in Sources */,
				958A1B862CDF5D990F549B52 /* CoreDataStack.swift in Sources */,
				E80D1483C0A9755F63198C3A /* CurrencyFormatter.swift in Sources */,
				549B65492E6ACA7500DEF8F6 /* NetworkMonitor.swift in Sources */,
				052B3E1DE7E62655F0E07420 /* DateHelper.swift in Sources */,
				549B65592E6C114200DEF8F6 /* AuthManager.swift in Sources */,
				3BAE19FFC5C724F23659F849 /* Endpoint.swift in Sources */,
				26C4C4BA1864C3403EAA9DFB /* NetworkClient.swift in Sources */,
				9769B426D5C52E54A69883BF /* NetworkError.swift in Sources */,
				62DE36A24ECD0F9F2D88687C /* TransactionEntity+Mapper.swift.swift in Sources */,
				279178CE5512F8A6FE789092 /* TransactionEntity.swift in Sources */,
				EA9F658DB0E3807AF357E959 /* Validator.swift in Sources */,
			);
			runOnlyForDeploymentPostprocessing = 0;
		};
		6B027864032E1A3AEDD853B4 /* Sources */ = {
			isa = PBXSourcesBuildPhase;
			buildActionMask = 2147483647;
			files = (
				549B65392E6982D100DEF8F6 /* DepedencyContainer.swift in Sources */,
				3240461EEE65F5553745F1EA /* AutoFocusKeyboard.swift in Sources */,
				549B64F32E61824500DEF8F6 /* BudgetView.swift in Sources */,
				FEF460A630A468EA5BD0804B /* CalculatorView.swift in Sources */,
				549B65502E6C033600DEF8F6 /* LoginView.swift in Sources */,
				549B65372E69780700DEF8F6 /* ProfileState.swift in Sources */,
				F595EAABC76C93D07D197F7F /* CardBalanceView.swift in Sources */,
				EBF66CF69B88CD6B2022368D /* CashApp.swift in Sources */,
				549B64F72E619D4400DEF8F6 /* AddBudgetView.swift in Sources */,
				C154080530B51A0D73D98748 /* Colors.swift in Sources */,
				549B65682E701D2000DEF8F6 /* BudgetFilterBar.swift in Sources */,
				549B653B2E69831600DEF8F6 /* EnvironmentKeys.swift in Sources */,
				81FEBA747CF6C153F776B8E4 /* DashboardState.swift in Sources */,
				BD6A059634E94A48E25D3BD6 /* DashboardView.swift in Sources */,
				7EDCD8605FB2E5300363735A /* EmptyView.swift in Sources */,
				F833AE73037AE5E865CF9113 /* ImagePicker.swift in Sources */,
				549B65102E68277B00DEF8F6 /* BudgetState.swift in Sources */,
				549B65182E69193900DEF8F6 /* SnackbarView.swift in Sources */,
				4D891B6FCAAF9CD8910906CD /* ImagePickerCoordinator.swift in Sources */,
				5494DA672E77BC7500782E86 /* AddTransactionCoordinator.swift in Sources */,
				CC1668BDED0A931E3FD8C642 /* ImagePickerService.swift in Sources */,
				7CF63D2893BDFE07F35ABF1F /* ImagePickerServiceProtocol.swift in Sources */,
				549B653F2E69839400DEF8F6 /* DebugTools.swift in Sources */,
				0FEA738E4DCD5EE8EF28C817 /* KeyboardHelper.swift in Sources */,
				4DF19D3BC6841EFF365E8EDE /* MainTabView.swift in Sources */,
				6CC78093CF69137B940EFC5A /* MassageFormInput.swift in Sources */,
				549B65452E6AC4FE00DEF8F6 /* SyncBadgeView.swift in Sources */,
				3B1100E3D85FCEC474B5D845 /* ProfileView.swift in Sources */,
				549B65832E73B73A00DEF8F6 /* TransactionRow.swift in Sources */,
				549B64F52E619D2F00DEF8F6 /* BudgetCardView.swift in Sources */,
				D7775C1C9849E7E7A3358A09 /* RecentTransactionList.swift in Sources */,
				549B65412E6A9F0700DEF8F6 /* AddTransactionView.swift in Sources */,
				549B65742E72655A00DEF8F6 /* TransactionEditView.swift in Sources */,
				66447906718611F0B83631CC /* ReportCategoryList.swift in Sources */,
				549B65472E6AC50E00DEF8F6 /* SyncFloatingButton.swift in Sources */,
				7003DB9D43E18C16D11978A6 /* ReportCategoryPieChart.swift in Sources */,
				549B65722E72641A00DEF8F6 /* TransactionDetailView.swift in Sources */,
				BF704CEDB9E833A0EC96AAA6 /* ReportChartView.swift in Sources */,
				549B656C2E7155A900DEF8F6 /* ProfileEditView.swift in Sources */,
				549B656A2E7108C900DEF8F6 /* ToastView.swift in Sources */,
				AB4B6D7C6D86B9955DFA6DFA /* ReportState.swift in Sources */,
				34F695D6415D9B0579BE8449 /* ReportView.swift in Sources */,
				70AECA4CDFFF01BBEC339C89 /* SearchView.swift in Sources */,
				630C080456D1358A565C7ED3 /* SplashScreen.swift in Sources */,
				8D1A10B1F7803DE3E07E88D1 /* TransactionCardView.swift in Sources */,
				549B654B2E6B182300DEF8F6 /* SyncBanner.swift in Sources */,
				549B65522E6C033F00DEF8F6 /* LoginState.swift in Sources */,
				3DB356E802B74B04009507C2 /* TransactionFilterBar.swift in Sources */,
				5494DA632E77A50F00782E86 /* BudgetListView.swift in Sources */,
				06102EE794A16FD13312F985 /* TransactionListState.swift in Sources */,
				549B653D2E69835C00DEF8F6 /* AppConfig.swift in Sources */,
				549B65812E73B28000DEF8F6 /* LoadingShimmerView.swift in Sources */,
				549B654D2E6B4B9100DEF8F6 /* BudgetSummaryView.swift in Sources */,
				549B655B2E6E7DB100DEF8F6 /* RegisterView.swift in Sources */,
				549B657F2E72C13700DEF8F6 /* TransactionListByCategoryView.swift in Sources */,
				5494DA652E77B39700782E86 /* CutomTabBar.swift in Sources */,
				549B655D2E6E7DBD00DEF8F6 /* RegisterState.swift in Sources */,
				BC8699FDA4702CA09ADCE047 /* TransactionListView.swift in Sources */,
				A4EBF45FD0C32BF588AC9E36 /* VisualEfffect.swift in Sources */,
			);
			runOnlyForDeploymentPostprocessing = 0;
		};
		711C404485087C913857A18A /* Sources */ = {
			isa = PBXSourcesBuildPhase;
			buildActionMask = 2147483647;
			files = (
				C7B6A7AAFA692AB846781819 /* AddTransactionRequest.swift in Sources */,
				7E108FAF821D13E4A9713A28 /* CategoryCasha.swift in Sources */,
				549B65432E6AA0E800DEF8F6 /* AddTransactionLocalUseCase.swift in Sources */,
				549B65262E693DAF00DEF8F6 /* GetTotalSummaryBudgetUseCase.swift in Sources */,
				F7F46DA801F9A1EE860F1050 /* LocalCategoryRepositoryProtocol.swift in Sources */,
				549B65292E6974DD00DEF8F6 /* GetProfileUseCase.swift in Sources */,
				549B65302E69760400DEF8F6 /* RemoteAuthRepositoryProtocol.swift in Sources */,
				D65DF4A0D62CE543ABDDA3DF /* ChartCategorySpending.swift in Sources */,
				549B65092E68204C00DEF8F6 /* RemoteBudgetRepositoryProtocol.swift in Sources */,
				D0A324667FBCB463A0C908B0 /* GetTransactionsUseCase.swift in Sources */,
				5C8B7B50E1E818514B3C28C4 /* GetCategorySpendingUseCase.swift in Sources */,
				549B656E2E71583500DEF8F6 /* UpdateProfileRequest.swift in Sources */,
				A0DE24385E7D0573C6209153 /* GetRecentTransactionsUseCase.swift in Sources */,
				8924FAE6B81E47E82FD170D1 /* GetSpendingReportUseCase.swift in Sources */,
				549B657D2E72BDC000DEF8F6 /* GetTransactionbyCategory.swift in Sources */,
				549B65202E69389100DEF8F6 /* BudgetSummary.swift in Sources */,
				7150F9DE9869B8E1DB4646B1 /* GetTotalSpendingUseCase.swift in Sources */,
				549B65762E72883100DEF8F6 /* UpdateTransactionRequest.swift in Sources */,
				549B65162E68358600DEF8F6 /* AddBudgetUseCase.swift in Sources */,
				4336F13B6FEE638E4A13D572 /* GetTransactionsByPeriodUseCase.swift in Sources */,
				549B650E2E68229700DEF8F6 /* GetBudgetsUseCase.swift in Sources */,
				549B655F2E6E82A700DEF8F6 /* RegisterUseCase.swift in Sources */,
				549B652E2E69754E00DEF8F6 /* UserCasha.swift in Sources */,
				549B65662E6FD7EE00DEF8F6 /* DeleteAllLocalDataUseCase.swift in Sources */,
				792E6B5073586C567E8E0941 /* ReportPeriod.swift in Sources */,
				549B64F92E619E3A00DEF8F6 /* BudgetCasha.swift in Sources */,
				1E2F46380F4737998F6D02F9 /* SearchTransactionsUseCase.swift in Sources */,
				549B65562E6C09B900DEF8F6 /* LoginUseCase.swift in Sources */,
				549B65702E71587E00DEF8F6 /* UpdateProfileUseCase.swift in Sources */,
				EADE7707339F66B67B8F7F95 /* SpendingReport.swift in Sources */,
				3F57337828F84F228D281EF6 /* TransactionCasha.swift in Sources */,
				30874FBA47A28284C7D95865 /* TransactionDateSection.swift in Sources */,
				549B651E2E69385B00DEF8F6 /* NewBudgetReq.swift in Sources */,
				549B652F2E6975F400DEF8F6 /* RemoteTransactionRepositoryProtocol.swift in Sources */,
				0102372D339AE51D7FCDD9DC /* LocalTransactionRepositoryProtocol.swift in Sources */,
				549B65642E6FB95E00DEF8F6 /* GetUnsyncTransactionCountUseCase.swift in Sources */,
				549B65792E728E1000DEF8F6 /* TransactionSyncUseCase.swift in Sources */,
			);
			runOnlyForDeploymentPostprocessing = 0;
		};
		C8D68D2094F0106694183F0F /* Sources */ = {
			isa = PBXSourcesBuildPhase;
			buildActionMask = 2147483647;
			files = (
				6FD7BDD78563A9BD3BBDF61A /* CategoryAnalytics.swift in Sources */,
				3821809AAC706A2AF5C71B90 /* CategoryRepositoryImpl.swift in Sources */,
				549B65072E681C2500DEF8F6 /* CategoryDTO.swift in Sources */,
				93C4E6D0423AC18B6B13DEE2 /* TransactionAnalytics.swift in Sources */,
				549B65352E69771C00DEF8F6 /* ProfileDTO.swift in Sources */,
				549B65222E693AC500DEF8F6 /* BaseResponse.swift in Sources */,
				539F8C347A64DB46B9482A8D /* TransactionDTO.swift in Sources */,
				549B65322E69766B00DEF8F6 /* AuthRemoteDataSourceImpl.swift in Sources */,
				549B65032E68165600DEF8F6 /* BudgetDTO.swift in Sources */,
				BCDAD453FC0545075E6C4DE5 /* TransactionPersistence.swift in Sources */,
				549B64FD2E68150E00DEF8F6 /* BudgetRemoteDataSourceImpl.swift in Sources */,
				A95EDD5249D07A447A0D044B /* TransactionQuery.swift in Sources */,
				549B65782E72896900DEF8F6 /* DeleteDTO.swift in Sources */,
				A20CD717D8EC97EFB79BF8A5 /* TransactionRemoteDataSourceImpl.swift in Sources */,
				549B65242E693B0C00DEF8F6 /* BudgetSumarryDTO.swift in Sources */,
				980324928B8EC9A945036BE6 /* TransactionRepositoryImpl.swift in Sources */,
				549B65542E6C04C800DEF8F6 /* LoginDTO.swift in Sources */,
			);
			runOnlyForDeploymentPostprocessing = 0;
		};
/* End PBXSourcesBuildPhase section */

/* Begin PBXTargetDependency section */
		0545943D10013B51C721722B /* PBXTargetDependency */ = {
			isa = PBXTargetDependency;
			target = 60E62DF84A69A86610FCD643 /* Data */;
			targetProxy = 283B453366179FFFFE82A8C8 /* PBXContainerItemProxy */;
		};
		0D7D10EA09BDA1AD44E0AEB8 /* PBXTargetDependency */ = {
			isa = PBXTargetDependency;
			target = CB73708DDEDB116EC2717AFA /* Domain */;
			targetProxy = CB28C9045FE7B84EFC2C2E52 /* PBXContainerItemProxy */;
		};
		5AA946FEEC02E1A2F4F34AA8 /* PBXTargetDependency */ = {
			isa = PBXTargetDependency;
			target = A040F3A9517985C1D9D36CAA /* Core */;
			targetProxy = F21F3BE7C00E530E9E9DF94C /* PBXContainerItemProxy */;
		};
		D843E91FA98CD6928EB41B5E /* PBXTargetDependency */ = {
			isa = PBXTargetDependency;
			target = A040F3A9517985C1D9D36CAA /* Core */;
			targetProxy = 9D6785D84FA06A014510D6AC /* PBXContainerItemProxy */;
		};
		F95CB015C2B58D68A5339D3B /* PBXTargetDependency */ = {
			isa = PBXTargetDependency;
			target = CB73708DDEDB116EC2717AFA /* Domain */;
			targetProxy = 78512C49CB9C7D9F54B0744F /* PBXContainerItemProxy */;
		};
/* End PBXTargetDependency section */

/* Begin XCBuildConfiguration section */
		0B006E921989DFE23580FA3D /* Release */ = {
			isa = XCBuildConfiguration;
			buildSettings = {
				ALWAYS_SEARCH_USER_PATHS = NO;
				CLANG_ANALYZER_NONNULL = YES;
				CLANG_ANALYZER_NUMBER_OBJECT_CONVERSION = YES_AGGRESSIVE;
				CLANG_CXX_LANGUAGE_STANDARD = "gnu++14";
				CLANG_CXX_LIBRARY = "libc++";
				CLANG_ENABLE_MODULES = YES;
				CLANG_ENABLE_OBJC_ARC = YES;
				CLANG_ENABLE_OBJC_WEAK = YES;
				CLANG_WARN_BLOCK_CAPTURE_AUTORELEASING = YES;
				CLANG_WARN_BOOL_CONVERSION = YES;
				CLANG_WARN_COMMA = YES;
				CLANG_WARN_CONSTANT_CONVERSION = YES;
				CLANG_WARN_DEPRECATED_OBJC_IMPLEMENTATIONS = YES;
				CLANG_WARN_DIRECT_OBJC_ISA_USAGE = YES_ERROR;
				CLANG_WARN_DOCUMENTATION_COMMENTS = YES;
				CLANG_WARN_EMPTY_BODY = YES;
				CLANG_WARN_ENUM_CONVERSION = YES;
				CLANG_WARN_INFINITE_RECURSION = YES;
				CLANG_WARN_INT_CONVERSION = YES;
				CLANG_WARN_NON_LITERAL_NULL_CONVERSION = YES;
				CLANG_WARN_OBJC_IMPLICIT_RETAIN_SELF = YES;
				CLANG_WARN_OBJC_LITERAL_CONVERSION = YES;
				CLANG_WARN_OBJC_ROOT_CLASS = YES_ERROR;
				CLANG_WARN_QUOTED_INCLUDE_IN_FRAMEWORK_HEADER = YES;
				CLANG_WARN_RANGE_LOOP_ANALYSIS = YES;
				CLANG_WARN_STRICT_PROTOTYPES = YES;
				CLANG_WARN_SUSPICIOUS_MOVE = YES;
				CLANG_WARN_UNGUARDED_AVAILABILITY = YES_AGGRESSIVE;
				CLANG_WARN_UNREACHABLE_CODE = YES;
				CLANG_WARN__DUPLICATE_METHOD_MATCH = YES;
				COPY_PHASE_STRIP = NO;
				DEBUG_INFORMATION_FORMAT = "dwarf-with-dsym";
				ENABLE_NS_ASSERTIONS = NO;
				ENABLE_STRICT_OBJC_MSGSEND = YES;
				GCC_C_LANGUAGE_STANDARD = gnu11;
				GCC_NO_COMMON_BLOCKS = YES;
				GCC_WARN_64_TO_32_BIT_CONVERSION = YES;
				GCC_WARN_ABOUT_RETURN_TYPE = YES_ERROR;
				GCC_WARN_UNDECLARED_SELECTOR = YES;
				GCC_WARN_UNINITIALIZED_AUTOS = YES_AGGRESSIVE;
				GCC_WARN_UNUSED_FUNCTION = YES;
				GCC_WARN_UNUSED_VARIABLE = YES;
				IPHONEOS_DEPLOYMENT_TARGET = 15.0;
				MTL_ENABLE_DEBUG_INFO = NO;
				MTL_FAST_MATH = YES;
				PRODUCT_NAME = "$(TARGET_NAME)";
				SDKROOT = iphoneos;
				SWIFT_COMPILATION_MODE = wholemodule;
				SWIFT_OPTIMIZATION_LEVEL = "-O";
				SWIFT_VERSION = 5.0;
			};
			name = Release;
		};
		133CF8CA040CDC13F16A790F /* Debug */ = {
			isa = XCBuildConfiguration;
			buildSettings = {
				ALWAYS_SEARCH_USER_PATHS = NO;
				CLANG_ANALYZER_NONNULL = YES;
				CLANG_ANALYZER_NUMBER_OBJECT_CONVERSION = YES_AGGRESSIVE;
				CLANG_CXX_LANGUAGE_STANDARD = "gnu++14";
				CLANG_CXX_LIBRARY = "libc++";
				CLANG_ENABLE_MODULES = YES;
				CLANG_ENABLE_OBJC_ARC = YES;
				CLANG_ENABLE_OBJC_WEAK = YES;
				CLANG_WARN_BLOCK_CAPTURE_AUTORELEASING = YES;
				CLANG_WARN_BOOL_CONVERSION = YES;
				CLANG_WARN_COMMA = YES;
				CLANG_WARN_CONSTANT_CONVERSION = YES;
				CLANG_WARN_DEPRECATED_OBJC_IMPLEMENTATIONS = YES;
				CLANG_WARN_DIRECT_OBJC_ISA_USAGE = YES_ERROR;
				CLANG_WARN_DOCUMENTATION_COMMENTS = YES;
				CLANG_WARN_EMPTY_BODY = YES;
				CLANG_WARN_ENUM_CONVERSION = YES;
				CLANG_WARN_INFINITE_RECURSION = YES;
				CLANG_WARN_INT_CONVERSION = YES;
				CLANG_WARN_NON_LITERAL_NULL_CONVERSION = YES;
				CLANG_WARN_OBJC_IMPLICIT_RETAIN_SELF = YES;
				CLANG_WARN_OBJC_LITERAL_CONVERSION = YES;
				CLANG_WARN_OBJC_ROOT_CLASS = YES_ERROR;
				CLANG_WARN_QUOTED_INCLUDE_IN_FRAMEWORK_HEADER = YES;
				CLANG_WARN_RANGE_LOOP_ANALYSIS = YES;
				CLANG_WARN_STRICT_PROTOTYPES = YES;
				CLANG_WARN_SUSPICIOUS_MOVE = YES;
				CLANG_WARN_UNGUARDED_AVAILABILITY = YES_AGGRESSIVE;
				CLANG_WARN_UNREACHABLE_CODE = YES;
				CLANG_WARN__DUPLICATE_METHOD_MATCH = YES;
				COPY_PHASE_STRIP = NO;
				DEBUG_INFORMATION_FORMAT = dwarf;
				ENABLE_STRICT_OBJC_MSGSEND = YES;
				ENABLE_TESTABILITY = YES;
				GCC_C_LANGUAGE_STANDARD = gnu11;
				GCC_DYNAMIC_NO_PIC = NO;
				GCC_NO_COMMON_BLOCKS = YES;
				GCC_OPTIMIZATION_LEVEL = 0;
				GCC_PREPROCESSOR_DEFINITIONS = (
					"$(inherited)",
					"DEBUG=1",
				);
				GCC_WARN_64_TO_32_BIT_CONVERSION = YES;
				GCC_WARN_ABOUT_RETURN_TYPE = YES_ERROR;
				GCC_WARN_UNDECLARED_SELECTOR = YES;
				GCC_WARN_UNINITIALIZED_AUTOS = YES_AGGRESSIVE;
				GCC_WARN_UNUSED_FUNCTION = YES;
				GCC_WARN_UNUSED_VARIABLE = YES;
				IPHONEOS_DEPLOYMENT_TARGET = 15.0;
				MTL_ENABLE_DEBUG_INFO = INCLUDE_SOURCE;
				MTL_FAST_MATH = YES;
				ONLY_ACTIVE_ARCH = YES;
				PRODUCT_NAME = "$(TARGET_NAME)";
				SDKROOT = iphoneos;
				SWIFT_ACTIVE_COMPILATION_CONDITIONS = DEBUG;
				SWIFT_OPTIMIZATION_LEVEL = "-Onone";
				SWIFT_VERSION = 5.0;
			};
			name = Debug;
		};
		2D6836BF456908318E3494BF /* Debug */ = {
			isa = XCBuildConfiguration;
			buildSettings = {
				CODE_SIGN_IDENTITY = "";
				CURRENT_PROJECT_VERSION = 1;
				DEFINES_MODULE = YES;
				DYLIB_COMPATIBILITY_VERSION = 1;
				DYLIB_CURRENT_VERSION = 1;
				DYLIB_INSTALL_NAME_BASE = "@rpath";
				INFOPLIST_FILE = Domain/Info.plist;
				INSTALL_PATH = "$(LOCAL_LIBRARY_DIR)/Frameworks";
				LD_RUNPATH_SEARCH_PATHS = (
					"$(inherited)",
					"@executable_path/Frameworks",
				);
				PRODUCT_BUNDLE_IDENTIFIER = com.casha.Domain;
				SDKROOT = iphoneos;
				SKIP_INSTALL = YES;
				TARGETED_DEVICE_FAMILY = "1,2";
				VERSIONING_SYSTEM = "apple-generic";
			};
			name = Debug;
		};
		4CA7A98CC34549287B4CA564 /* Release */ = {
			isa = XCBuildConfiguration;
			buildSettings = {
				CODE_SIGN_IDENTITY = "";
				CURRENT_PROJECT_VERSION = 1;
				DEFINES_MODULE = YES;
				DYLIB_COMPATIBILITY_VERSION = 1;
				DYLIB_CURRENT_VERSION = 1;
				DYLIB_INSTALL_NAME_BASE = "@rpath";
				INFOPLIST_FILE = Domain/Info.plist;
				INSTALL_PATH = "$(LOCAL_LIBRARY_DIR)/Frameworks";
				LD_RUNPATH_SEARCH_PATHS = (
					"$(inherited)",
					"@executable_path/Frameworks",
				);
				PRODUCT_BUNDLE_IDENTIFIER = com.casha.Domain;
				SDKROOT = iphoneos;
				SKIP_INSTALL = YES;
				TARGETED_DEVICE_FAMILY = "1,2";
				VERSIONING_SYSTEM = "apple-generic";
			};
			name = Release;
		};
		5415B89B1A2B0F4ADB48849A /* Debug */ = {
			isa = XCBuildConfiguration;
			buildSettings = {
				CODE_SIGN_IDENTITY = "";
				CURRENT_PROJECT_VERSION = 1;
				DEFINES_MODULE = YES;
				DYLIB_COMPATIBILITY_VERSION = 1;
				DYLIB_CURRENT_VERSION = 1;
				DYLIB_INSTALL_NAME_BASE = "@rpath";
				INFOPLIST_FILE = Core/Info.plist;
				INSTALL_PATH = "$(LOCAL_LIBRARY_DIR)/Frameworks";
				LD_RUNPATH_SEARCH_PATHS = (
					"$(inherited)",
					"@executable_path/Frameworks",
				);
				PRODUCT_BUNDLE_IDENTIFIER = com.casha.Core;
				SDKROOT = iphoneos;
				SKIP_INSTALL = YES;
				TARGETED_DEVICE_FAMILY = "1,2";
				VERSIONING_SYSTEM = "apple-generic";
			};
			name = Debug;
		};
		632BAFF001F716CA78105279 /* Release */ = {
			isa = XCBuildConfiguration;
			buildSettings = {
				CODE_SIGN_IDENTITY = "";
				CURRENT_PROJECT_VERSION = 1;
				DEFINES_MODULE = YES;
				DYLIB_COMPATIBILITY_VERSION = 1;
				DYLIB_CURRENT_VERSION = 1;
				DYLIB_INSTALL_NAME_BASE = "@rpath";
				INFOPLIST_FILE = Data/Info.plist;
				INSTALL_PATH = "$(LOCAL_LIBRARY_DIR)/Frameworks";
				LD_RUNPATH_SEARCH_PATHS = (
					"$(inherited)",
					"@executable_path/Frameworks",
				);
				PRODUCT_BUNDLE_IDENTIFIER = com.casha.Data;
				SDKROOT = iphoneos;
				SKIP_INSTALL = YES;
				TARGETED_DEVICE_FAMILY = "1,2";
				VERSIONING_SYSTEM = "apple-generic";
			};
			name = Release;
		};
		A7DEFA15A5D067B98C861162 /* Debug */ = {
			isa = XCBuildConfiguration;
			buildSettings = {
				CODE_SIGN_IDENTITY = "";
				CURRENT_PROJECT_VERSION = 1;
				DEFINES_MODULE = YES;
				DYLIB_COMPATIBILITY_VERSION = 1;
				DYLIB_CURRENT_VERSION = 1;
				DYLIB_INSTALL_NAME_BASE = "@rpath";
				INFOPLIST_FILE = Data/Info.plist;
				INSTALL_PATH = "$(LOCAL_LIBRARY_DIR)/Frameworks";
				LD_RUNPATH_SEARCH_PATHS = (
					"$(inherited)",
					"@executable_path/Frameworks",
				);
				PRODUCT_BUNDLE_IDENTIFIER = com.casha.Data;
				SDKROOT = iphoneos;
				SKIP_INSTALL = YES;
				TARGETED_DEVICE_FAMILY = "1,2";
				VERSIONING_SYSTEM = "apple-generic";
			};
			name = Debug;
		};
		D3A8F1D0FB282D38BC21321B /* Debug */ = {
			isa = XCBuildConfiguration;
			buildSettings = {
				ASSETCATALOG_COMPILER_APPICON_NAME = AppIcon;
				CODE_SIGN_IDENTITY = "iPhone Developer";
				DEVELOPMENT_TEAM = 43F85566S2;
				INFOPLIST_FILE = App/Info.plist;
				LD_RUNPATH_SEARCH_PATHS = (
					"$(inherited)",
					"@executable_path/Frameworks",
				);
				PRODUCT_BUNDLE_IDENTIFIER = com.casha.CashaApp.p;
				SDKROOT = iphoneos;
				TARGETED_DEVICE_FAMILY = "1,2";
			};
			name = Debug;
		};
		D4BD446206F14B90B2A648C0 /* Release */ = {
			isa = XCBuildConfiguration;
			buildSettings = {
				ASSETCATALOG_COMPILER_APPICON_NAME = AppIcon;
				CODE_SIGN_IDENTITY = "iPhone Developer";
				DEVELOPMENT_TEAM = 43F85566S2;
				INFOPLIST_FILE = App/Info.plist;
				LD_RUNPATH_SEARCH_PATHS = (
					"$(inherited)",
					"@executable_path/Frameworks",
				);
				PRODUCT_BUNDLE_IDENTIFIER = com.casha.CashaApp.p;
				SDKROOT = iphoneos;
				TARGETED_DEVICE_FAMILY = "1,2";
			};
			name = Release;
		};
		FDA0B949F53CEB468610108A /* Release */ = {
			isa = XCBuildConfiguration;
			buildSettings = {
				CODE_SIGN_IDENTITY = "";
				CURRENT_PROJECT_VERSION = 1;
				DEFINES_MODULE = YES;
				DYLIB_COMPATIBILITY_VERSION = 1;
				DYLIB_CURRENT_VERSION = 1;
				DYLIB_INSTALL_NAME_BASE = "@rpath";
				INFOPLIST_FILE = Core/Info.plist;
				INSTALL_PATH = "$(LOCAL_LIBRARY_DIR)/Frameworks";
				LD_RUNPATH_SEARCH_PATHS = (
					"$(inherited)",
					"@executable_path/Frameworks",
				);
				PRODUCT_BUNDLE_IDENTIFIER = com.casha.Core;
				SDKROOT = iphoneos;
				SKIP_INSTALL = YES;
				TARGETED_DEVICE_FAMILY = "1,2";
				VERSIONING_SYSTEM = "apple-generic";
			};
			name = Release;
		};
/* End XCBuildConfiguration section */

/* Begin XCConfigurationList section */
		0CE672E764D6480721914D79 /* Build configuration list for PBXNativeTarget "CashaApp" */ = {
			isa = XCConfigurationList;
			buildConfigurations = (
				D3A8F1D0FB282D38BC21321B /* Debug */,
				D4BD446206F14B90B2A648C0 /* Release */,
			);
			defaultConfigurationIsVisible = 0;
			defaultConfigurationName = Debug;
		};
		740977B765B64516344D859C /* Build configuration list for PBXNativeTarget "Domain" */ = {
			isa = XCConfigurationList;
			buildConfigurations = (
				2D6836BF456908318E3494BF /* Debug */,
				4CA7A98CC34549287B4CA564 /* Release */,
			);
			defaultConfigurationIsVisible = 0;
			defaultConfigurationName = Debug;
		};
		9C92C729FE1351C5EB83EB85 /* Build configuration list for PBXNativeTarget "Data" */ = {
			isa = XCConfigurationList;
			buildConfigurations = (
				A7DEFA15A5D067B98C861162 /* Debug */,
				632BAFF001F716CA78105279 /* Release */,
			);
			defaultConfigurationIsVisible = 0;
			defaultConfigurationName = Debug;
		};
		C2AE0DE772707CDB0A53DA12 /* Build configuration list for PBXNativeTarget "Core" */ = {
			isa = XCConfigurationList;
			buildConfigurations = (
				5415B89B1A2B0F4ADB48849A /* Debug */,
				FDA0B949F53CEB468610108A /* Release */,
			);
			defaultConfigurationIsVisible = 0;
			defaultConfigurationName = Debug;
		};
		E7D9C3E4677D1F87EAB8CC59 /* Build configuration list for PBXProject "Casha" */ = {
			isa = XCConfigurationList;
			buildConfigurations = (
				133CF8CA040CDC13F16A790F /* Debug */,
				0B006E921989DFE23580FA3D /* Release */,
			);
			defaultConfigurationIsVisible = 0;
			defaultConfigurationName = Debug;
		};
/* End XCConfigurationList section */

/* Begin XCRemoteSwiftPackageReference section */
		1611391E78DAA2C40F571413 /* XCRemoteSwiftPackageReference "swift-algorithms" */ = {
			isa = XCRemoteSwiftPackageReference;
			repositoryURL = "https://github.com/apple/swift-algorithms";
			requirement = {
				kind = upToNextMajorVersion;
				minimumVersion = 1.0.0;
			};
		};
		E31037C44FAB4E490480993D /* XCRemoteSwiftPackageReference "Alamofire" */ = {
			isa = XCRemoteSwiftPackageReference;
			repositoryURL = "https://github.com/Alamofire/Alamofire.git";
			requirement = {
				kind = upToNextMinorVersion;
				minimumVersion = 5.6.0;
			};
		};
/* End XCRemoteSwiftPackageReference section */

/* Begin XCSwiftPackageProductDependency section */
		666B38822B03B22991473017 /* Algorithms */ = {
			isa = XCSwiftPackageProductDependency;
			package = 1611391E78DAA2C40F571413 /* XCRemoteSwiftPackageReference "swift-algorithms" */;
			productName = Algorithms;
		};
		67BBF56E1E6BCAE25CA8F68F /* Alamofire */ = {
			isa = XCSwiftPackageProductDependency;
			package = E31037C44FAB4E490480993D /* XCRemoteSwiftPackageReference "Alamofire" */;
			productName = Alamofire;
		};
/* End XCSwiftPackageProductDependency section */

/* Begin XCVersionGroup section */
		95E233270D99B7CB4D3E719D /* CashaModel.xcdatamodeld */ = {
			isa = XCVersionGroup;
			children = (
				A822B5B36BC3E1FE96CBBFA6 /* CashaModel.xcdatamodel */,
			);
			currentVersion = A822B5B36BC3E1FE96CBBFA6 /* CashaModel.xcdatamodel */;
			path = CashaModel.xcdatamodeld;
			sourceTree = "<group>";
			versionGroupType = wrapper.xcdatamodel;
		};
/* End XCVersionGroup section */
	};
	rootObject = CB1DC318DA2A6F4EA9188A32 /* Project object */;
}
